// !$*UTF8*$!
{
	archiveVersion = 1;
	classes = {
	};
	objectVersion = 50;
	objects = {

/* Begin PBXBuildFile section */
		61898B752270B2AA00619E0C /* AppDelegate.swift in Sources */ = {isa = PBXBuildFile; fileRef = 61898B742270B2AA00619E0C /* AppDelegate.swift */; };
		61898B772270B2AB00619E0C /* ViewController.swift in Sources */ = {isa = PBXBuildFile; fileRef = 61898B762270B2AB00619E0C /* ViewController.swift */; };
		61898B7A2270B2AB00619E0C /* Main.storyboard in Resources */ = {isa = PBXBuildFile; fileRef = 61898B782270B2AB00619E0C /* Main.storyboard */; };
		61898B7C2270B2AC00619E0C /* Assets.xcassets in Resources */ = {isa = PBXBuildFile; fileRef = 61898B7B2270B2AC00619E0C /* Assets.xcassets */; };
		61898B7F2270B2AC00619E0C /* LaunchScreen.storyboard in Resources */ = {isa = PBXBuildFile; fileRef = 61898B7D2270B2AC00619E0C /* LaunchScreen.storyboard */; };
		61898B872270BAF900619E0C /* IPhone.swift in Sources */ = {isa = PBXBuildFile; fileRef = 61898B862270BAF900619E0C /* IPhone.swift */; };
		61898B892270BB3800619E0C /* ItemManager.swift in Sources */ = {isa = PBXBuildFile; fileRef = 61898B882270BB3800619E0C /* ItemManager.swift */; };
/* End PBXBuildFile section */

/* Begin PBXFileReference section */
		61898B712270B2AA00619E0C /* ShoppingPractice.app */ = {isa = PBXFileReference; explicitFileType = wrapper.application; includeInIndex = 0; path = ShoppingPractice.app; sourceTree = BUILT_PRODUCTS_DIR; };
		61898B742270B2AA00619E0C /* AppDelegate.swift */ = {isa = PBXFileReference; lastKnownFileType = sourcecode.swift; path = AppDelegate.swift; sourceTree = "<group>"; };
		61898B762270B2AB00619E0C /* ViewController.swift */ = {isa = PBXFileReference; lastKnownFileType = sourcecode.swift; path = ViewController.swift; sourceTree = "<group>"; };
		61898B792270B2AB00619E0C /* Base */ = {isa = PBXFileReference; lastKnownFileType = file.storyboard; name = Base; path = Base.lproj/Main.storyboard; sourceTree = "<group>"; };
		61898B7B2270B2AC00619E0C /* Assets.xcassets */ = {isa = PBXFileReference; lastKnownFileType = folder.assetcatalog; path = Assets.xcassets; sourceTree = "<group>"; };
		61898B7E2270B2AC00619E0C /* Base */ = {isa = PBXFileReference; lastKnownFileType = file.storyboard; name = Base; path = Base.lproj/LaunchScreen.storyboard; sourceTree = "<group>"; };
		61898B802270B2AC00619E0C /* Info.plist */ = {isa = PBXFileReference; lastKnownFileType = text.plist.xml; path = Info.plist; sourceTree = "<group>"; };
		61898B862270BAF900619E0C /* IPhone.swift */ = {isa = PBXFileReference; lastKnownFileType = sourcecode.swift; path = IPhone.swift; sourceTree = "<group>"; };
		61898B882270BB3800619E0C /* ItemManager.swift */ = {isa = PBXFileReference; lastKnownFileType = sourcecode.swift; path = ItemManager.swift; sourceTree = "<group>"; };
/* End PBXFileReference section */

/* Begin PBXFrameworksBuildPhase section */
		61898B6E2270B2AA00619E0C /* Frameworks */ = {
			isa = PBXFrameworksBuildPhase;
			buildActionMask = 2147483647;
			files = (
			);
			runOnlyForDeploymentPostprocessing = 0;
		};
/* End PBXFrameworksBuildPhase section */

/* Begin PBXGroup section */
		61898B682270B2AA00619E0C = {
			isa = PBXGroup;
			children = (
				61898B732270B2AA00619E0C /* ShoppingPractice */,
				61898B722270B2AA00619E0C /* Products */,
			);
			sourceTree = "<group>";
		};
		61898B722270B2AA00619E0C /* Products */ = {
			isa = PBXGroup;
			children = (
				61898B712270B2AA00619E0C /* ShoppingPractice.app */,
			);
			name = Products;
			sourceTree = "<group>";
		};
		61898B732270B2AA00619E0C /* ShoppingPractice */ = {
			isa = PBXGroup;
			children = (
				61898B742270B2AA00619E0C /* AppDelegate.swift */,
				61898B762270B2AB00619E0C /* ViewController.swift */,
				61898B782270B2AB00619E0C /* Main.storyboard */,
				61898B862270BAF900619E0C /* IPhone.swift */,
				61898B882270BB3800619E0C /* ItemManager.swift */,
				61898B7B2270B2AC00619E0C /* Assets.xcassets */,
				61898B7D2270B2AC00619E0C /* LaunchScreen.storyboard */,
				61898B802270B2AC00619E0C /* Info.plist */,
			);
			path = ShoppingPractice;
			sourceTree = "<group>";
		};
/* End PBXGroup section */

/* Begin PBXNativeTarget section */
		61898B702270B2AA00619E0C /* ShoppingPractice */ = {
			isa = PBXNativeTarget;
			buildConfigurationList = 61898B832270B2AC00619E0C /* Build configuration list for PBXNativeTarget "ShoppingPractice" */;
			buildPhases = (
				61898B6D2270B2AA00619E0C /* Sources */,
				61898B6E2270B2AA00619E0C /* Frameworks */,
				61898B6F2270B2AA00619E0C /* Resources */,
			);
			buildRules = (
			);
			dependencies = (
			);
			name = ShoppingPractice;
			productName = ShoppingPractice;
			productReference = 61898B712270B2AA00619E0C /* ShoppingPractice.app */;
			productType = "com.apple.product-type.application";
		};
/* End PBXNativeTarget section */

/* Begin PBXProject section */
		61898B692270B2AA00619E0C /* Project object */ = {
			isa = PBXProject;
			attributes = {
				LastSwiftUpdateCheck = 1020;
				LastUpgradeCheck = 1020;
				ORGANIZATIONNAME = pino;
				TargetAttributes = {
					61898B702270B2AA00619E0C = {
						CreatedOnToolsVersion = 10.2.1;
					};
				};
			};
			buildConfigurationList = 61898B6C2270B2AA00619E0C /* Build configuration list for PBXProject "ShoppingPractice" */;
			compatibilityVersion = "Xcode 9.3";
			developmentRegion = en;
			hasScannedForEncodings = 0;
			knownRegions = (
				en,
				Base,
			);
			mainGroup = 61898B682270B2AA00619E0C;
			productRefGroup = 61898B722270B2AA00619E0C /* Products */;
			projectDirPath = "";
			projectRoot = "";
			targets = (
				61898B702270B2AA00619E0C /* ShoppingPractice */,
			);
		};
/* End PBXProject section */

/* Begin PBXResourcesBuildPhase section */
		61898B6F2270B2AA00619E0C /* Resources */ = {
			isa = PBXResourcesBuildPhase;
			buildActionMask = 2147483647;
			files = (
				61898B7F2270B2AC00619E0C /* LaunchScreen.storyboard in Resources */,
				61898B7C2270B2AC00619E0C /* Assets.xcassets in Resources */,
				61898B7A2270B2AB00619E0C /* Main.storyboard in Resources */,
			);
			runOnlyForDeploymentPostprocessing = 0;
		};
/* End PBXResourcesBuildPhase section */

/* Begin PBXSourcesBuildPhase section */
		61898B6D2270B2AA00619E0C /* Sources */ = {
			isa = PBXSourcesBuildPhase;
			buildActionMask = 2147483647;
			files = (
				61898B872270BAF900619E0C /* IPhone.swift in Sources */,
				61898B772270B2AB00619E0C /* ViewController.swift in Sources */,
				61898B892270BB3800619E0C /* ItemManager.swift in Sources */,
				61898B752270B2AA00619E0C /* AppDelegate.swift in Sources */,
			);
			runOnlyForDeploymentPostprocessing = 0;
		};
/* End PBXSourcesBuildPhase section */

/* Begin PBXVariantGroup section */
		61898B782270B2AB00619E0C /* Main.storyboard */ = {
			isa = PBXVariantGroup;
			children = (
				61898B792270B2AB00619E0C /* Base */,
			);
			name = Main.storyboard;
			sourceTree = "<group>";
		};
		61898B7D2270B2AC00619E0C /* LaunchScreen.storyboard */ = {
			isa = PBXVariantGroup;
			children = (
				61898B7E2270B2AC00619E0C /* Base */,
			);
			name = LaunchScreen.storyboard;
			sourceTree = "<group>";
		};
/* End PBXVariantGroup section */

/* Begin XCBuildConfiguration section */
		61898B812270B2AC00619E0C /* Debug */ = {
			isa = XCBuildConfiguration;
			buildSettings = {
				ALWAYS_SEARCH_USER_PATHS = NO;
				CLANG_ANALYZER_NONNULL = YES;
				CLANG_ANALYZER_NUMBER_OBJECT_CONVERSION = YES_AGGRESSIVE;
				CLANG_CXX_LANGUAGE_STANDARD = "gnu++14";
				CLANG_CXX_LIBRARY = "libc++";
				CLANG_ENABLE_MODULES = YES;
				CLANG_ENABLE_OBJC_ARC = YES;
				CLANG_ENABLE_OBJC_WEAK = YES;
				CLANG_WARN_BLOCK_CAPTURE_AUTORELEASING = YES;
				CLANG_WARN_BOOL_CONVERSION = YES;
				CLANG_WARN_COMMA = YES;
				CLANG_WARN_CONSTANT_CONVERSION = YES;
				CLANG_WARN_DEPRECATED_OBJC_IMPLEMENTATIONS = YES;
				CLANG_WARN_DIRECT_OBJC_ISA_USAGE = YES_ERROR;
				CLANG_WARN_DOCUMENTATION_COMMENTS = YES;
				CLANG_WARN_EMPTY_BODY = YES;
				CLANG_WARN_ENUM_CONVERSION = YES;
				CLANG_WARN_INFINITE_RECURSION = YES;
				CLANG_WARN_INT_CONVERSION = YES;
				CLANG_WARN_NON_LITERAL_NULL_CONVERSION = YES;
				CLANG_WARN_OBJC_IMPLICIT_RETAIN_SELF = YES;
				CLANG_WARN_OBJC_LITERAL_CONVERSION = YES;
				CLANG_WARN_OBJC_ROOT_CLASS = YES_ERROR;
				CLANG_WARN_RANGE_LOOP_ANALYSIS = YES;
				CLANG_WARN_STRICT_PROTOTYPES = YES;
				CLANG_WARN_SUSPICIOUS_MOVE = YES;
				CLANG_WARN_UNGUARDED_AVAILABILITY = YES_AGGRESSIVE;
				CLANG_WARN_UNREACHABLE_CODE = YES;
				CLANG_WARN__DUPLICATE_METHOD_MATCH = YES;
				CODE_SIGN_IDENTITY = "iPhone Developer";
				COPY_PHASE_STRIP = NO;
				DEBUG_INFORMATION_FORMAT = dwarf;
				ENABLE_STRICT_OBJC_MSGSEND = YES;
				ENABLE_TESTABILITY = YES;
				GCC_C_LANGUAGE_STANDARD = gnu11;
				GCC_DYNAMIC_NO_PIC = NO;
				GCC_NO_COMMON_BLOCKS = YES;
				GCC_OPTIMIZATION_LEVEL = 0;
				GCC_PREPROCESSOR_DEFINITIONS = (
					"DEBUG=1",
					"$(inherited)",
				);
				GCC_WARN_64_TO_32_BIT_CONVERSION = YES;
				GCC_WARN_ABOUT_RETURN_TYPE = YES_ERROR;
				GCC_WARN_UNDECLARED_SELECTOR = YES;
				GCC_WARN_UNINITIALIZED_AUTOS = YES_AGGRESSIVE;
				GCC_WARN_UNUSED_FUNCTION = YES;
				GCC_WARN_UNUSED_VARIABLE = YES;
				IPHONEOS_DEPLOYMENT_TARGET = 12.2;
				MTL_ENABLE_DEBUG_INFO = INCLUDE_SOURCE;
				MTL_FAST_MATH = YES;
				ONLY_ACTIVE_ARCH = YES;
				SDKROOT = iphoneos;
				SWIFT_ACTIVE_COMPILATION_CONDITIONS = DEBUG;
				SWIFT_OPTIMIZATION_LEVEL = "-Onone";
			};
			name = Debug;
		};
		61898B822270B2AC00619E0C /* Release */ = {
			isa = XCBuildConfiguration;
			buildSettings = {
				ALWAYS_SEARCH_USER_PATHS = NO;
				CLANG_ANALYZER_NONNULL = YES;
				CLANG_ANALYZER_NUMBER_OBJECT_CONVERSION = YES_AGGRESSIVE;
				CLANG_CXX_LANGUAGE_STANDARD = "gnu++14";
				CLANG_CXX_LIBRARY = "libc++";
				CLANG_ENABLE_MODULES = YES;
				CLANG_ENABLE_OBJC_ARC = YES;
				CLANG_ENABLE_OBJC_WEAK = YES;
				CLANG_WARN_BLOCK_CAPTURE_AUTORELEASING = YES;
				CLANG_WARN_BOOL_CONVERSION = YES;
				CLANG_WARN_COMMA = YES;
				CLANG_WARN_CONSTANT_CONVERSION = YES;
				CLANG_WARN_DEPRECATED_OBJC_IMPLEMENTATIONS = YES;
				CLANG_WARN_DIRECT_OBJC_ISA_USAGE = YES_ERROR;
				CLANG_WARN_DOCUMENTATION_COMMENTS = YES;
				CLANG_WARN_EMPTY_BODY = YES;
				CLANG_WARN_ENUM_CONVERSION = YES;
				CLANG_WARN_INFINITE_RECURSION = YES;
				CLANG_WARN_INT_CONVERSION = YES;
				CLANG_WARN_NON_LITERAL_NULL_CONVERSION = YES;
				CLANG_WARN_OBJC_IMPLICIT_RETAIN_SELF = YES;
				CLANG_WARN_OBJC_LITERAL_CONVERSION = YES;
				CLANG_WARN_OBJC_ROOT_CLASS = YES_ERROR;
				CLANG_WARN_RANGE_LOOP_ANALYSIS = YES;
				CLANG_WARN_STRICT_PROTOTYPES = YES;
				CLANG_WARN_SUSPICIOUS_MOVE = YES;
				CLANG_WARN_UNGUARDED_AVAILABILITY = YES_AGGRESSIVE;
				CLANG_WARN_UNREACHABLE_CODE = YES;
				CLANG_WARN__DUPLICATE_METHOD_MATCH = YES;
				CODE_SIGN_IDENTITY = "iPhone Developer";
				COPY_PHASE_STRIP = NO;
				DEBUG_INFORMATION_FORMAT = "dwarf-with-dsym";
				ENABLE_NS_ASSERTIONS = NO;
				ENABLE_STRICT_OBJC_MSGSEND = YES;
				GCC_C_LANGUAGE_STANDARD = gnu11;
				GCC_NO_COMMON_BLOCKS = YES;
				GCC_WARN_64_TO_32_BIT_CONVERSION = YES;
				GCC_WARN_ABOUT_RETURN_TYPE = YES_ERROR;
				GCC_WARN_UNDECLARED_SELECTOR = YES;
				GCC_WARN_UNINITIALIZED_AUTOS = YES_AGGRESSIVE;
				GCC_WARN_UNUSED_FUNCTION = YES;
				GCC_WARN_UNUSED_VARIABLE = YES;
				IPHONEOS_DEPLOYMENT_TARGET = 12.2;
				MTL_ENABLE_DEBUG_INFO = NO;
				MTL_FAST_MATH = YES;
				SDKROOT = iphoneos;
				SWIFT_COMPILATION_MODE = wholemodule;
				SWIFT_OPTIMIZATION_LEVEL = "-O";
				VALIDATE_PRODUCT = YES;
			};
			name = Release;
		};
		61898B842270B2AC00619E0C /* Debug */ = {
			isa = XCBuildConfiguration;
			buildSettings = {
				ASSETCATALOG_COMPILER_APPICON_NAME = AppIcon;
				CODE_SIGN_STYLE = Automatic;
				INFOPLIST_FILE = ShoppingPractice/Info.plist;
				LD_RUNPATH_SEARCH_PATHS = (
					"$(inherited)",
					"@executable_path/Frameworks",
				);
				PRODUCT_BUNDLE_IDENTIFIER = io.github.92pino.ShoppingPractice;
				PRODUCT_NAME = "$(TARGET_NAME)";
				SWIFT_VERSION = 5.0;
				TARGETED_DEVICE_FAMILY = "1,2";
			};
			name = Debug;
		};
		61898B852270B2AC00619E0C /* Release */ = {
			isa = XCBuildConfiguration;
			buildSettings = {
				ASSETCATALOG_COMPILER_APPICON_NAME = AppIcon;
				CODE_SIGN_STYLE = Automatic;
				INFOPLIST_FILE = ShoppingPractice/Info.plist;
				LD_RUNPATH_SEARCH_PATHS = (
					"$(inherited)",
					"@executable_path/Frameworks",
				);
				PRODUCT_BUNDLE_IDENTIFIER = io.github.92pino.ShoppingPractice;
				PRODUCT_NAME = "$(TARGET_NAME)";
				SWIFT_VERSION = 5.0;
				TARGETED_DEVICE_FAMILY = "1,2";
			};
			name = Release;
		};
/* End XCBuildConfiguration section */

/* Begin XCConfigurationList section */
		61898B6C2270B2AA00619E0C /* Build configuration list for PBXProject "ShoppingPractice" */ = {
			isa = XCConfigurationList;
			buildConfigurations = (
				61898B812270B2AC00619E0C /* Debug */,
				61898B822270B2AC00619E0C /* Release */,
			);
			defaultConfigurationIsVisible = 0;
			defaultConfigurationName = Release;
		};
		61898B832270B2AC00619E0C /* Build configuration list for PBXNativeTarget "ShoppingPractice" */ = {
			isa = XCConfigurationList;
			buildConfigurations = (
				61898B842270B2AC00619E0C /* Debug */,
				61898B852270B2AC00619E0C /* Release */,
			);
			defaultConfigurationIsVisible = 0;
			defaultConfigurationName = Release;
		};
/* End XCConfigurationList section */
	};
	rootObject = 61898B692270B2AA00619E0C /* Project object */;
}
