// !$*UTF8*$!
{
	archiveVersion = 1;
	classes = {
	};
	objectVersion = 50;
	objects = {

/* Begin PBXBuildFile section */
		61E01B5C22768C5E00045833 /* AppDelegate.swift in Sources */ = {isa = PBXBuildFile; fileRef = 61E01B5B22768C5E00045833 /* AppDelegate.swift */; };
		61E01B6122768C5E00045833 /* Main.storyboard in Resources */ = {isa = PBXBuildFile; fileRef = 61E01B5F22768C5E00045833 /* Main.storyboard */; };
		61E01B6322768C5F00045833 /* Assets.xcassets in Resources */ = {isa = PBXBuildFile; fileRef = 61E01B6222768C5F00045833 /* Assets.xcassets */; };
		61E01B6622768C5F00045833 /* LaunchScreen.storyboard in Resources */ = {isa = PBXBuildFile; fileRef = 61E01B6422768C5F00045833 /* LaunchScreen.storyboard */; };
		61E01B6E22768C7200045833 /* CategoryViewController.swift in Sources */ = {isa = PBXBuildFile; fileRef = 61E01B6D22768C7200045833 /* CategoryViewController.swift */; };
		61E01B7022768CF000045833 /* WishListViewController.swift in Sources */ = {isa = PBXBuildFile; fileRef = 61E01B6F22768CF000045833 /* WishListViewController.swift */; };
		61E01B772276916300045833 /* Data.swift in Sources */ = {isa = PBXBuildFile; fileRef = 61E01B762276916300045833 /* Data.swift */; };
		61E01B792276A4CD00045833 /* ProductViewController.swift in Sources */ = {isa = PBXBuildFile; fileRef = 61E01B782276A4CD00045833 /* ProductViewController.swift */; };
		61E01B7E2276AAD500045833 /* CategoryTableViewCell.swift in Sources */ = {isa = PBXBuildFile; fileRef = 61E01B7C2276AAD500045833 /* CategoryTableViewCell.swift */; };
		61E01B7F2276AAD500045833 /* CategoryTableViewCell.xib in Resources */ = {isa = PBXBuildFile; fileRef = 61E01B7D2276AAD500045833 /* CategoryTableViewCell.xib */; };
/* End PBXBuildFile section */

/* Begin PBXFileReference section */
		61E01B5822768C5E00045833 /* DominoPizza.app */ = {isa = PBXFileReference; explicitFileType = wrapper.application; includeInIndex = 0; path = DominoPizza.app; sourceTree = BUILT_PRODUCTS_DIR; };
		61E01B5B22768C5E00045833 /* AppDelegate.swift */ = {isa = PBXFileReference; lastKnownFileType = sourcecode.swift; path = AppDelegate.swift; sourceTree = "<group>"; };
		61E01B6022768C5E00045833 /* Base */ = {isa = PBXFileReference; lastKnownFileType = file.storyboard; name = Base; path = Base.lproj/Main.storyboard; sourceTree = "<group>"; };
		61E01B6222768C5F00045833 /* Assets.xcassets */ = {isa = PBXFileReference; lastKnownFileType = folder.assetcatalog; path = Assets.xcassets; sourceTree = "<group>"; };
		61E01B6522768C5F00045833 /* Base */ = {isa = PBXFileReference; lastKnownFileType = file.storyboard; name = Base; path = Base.lproj/LaunchScreen.storyboard; sourceTree = "<group>"; };
		61E01B6722768C5F00045833 /* Info.plist */ = {isa = PBXFileReference; lastKnownFileType = text.plist.xml; path = Info.plist; sourceTree = "<group>"; };
		61E01B6D22768C7200045833 /* CategoryViewController.swift */ = {isa = PBXFileReference; lastKnownFileType = sourcecode.swift; path = CategoryViewController.swift; sourceTree = "<group>"; };
		61E01B6F22768CF000045833 /* WishListViewController.swift */ = {isa = PBXFileReference; lastKnownFileType = sourcecode.swift; path = WishListViewController.swift; sourceTree = "<group>"; };
		61E01B762276916300045833 /* Data.swift */ = {isa = PBXFileReference; lastKnownFileType = sourcecode.swift; path = Data.swift; sourceTree = "<group>"; };
		61E01B782276A4CD00045833 /* ProductViewController.swift */ = {isa = PBXFileReference; lastKnownFileType = sourcecode.swift; path = ProductViewController.swift; sourceTree = "<group>"; };
		61E01B7C2276AAD500045833 /* CategoryTableViewCell.swift */ = {isa = PBXFileReference; lastKnownFileType = sourcecode.swift; path = CategoryTableViewCell.swift; sourceTree = "<group>"; };
		61E01B7D2276AAD500045833 /* CategoryTableViewCell.xib */ = {isa = PBXFileReference; lastKnownFileType = file.xib; path = CategoryTableViewCell.xib; sourceTree = "<group>"; };
/* End PBXFileReference section */

/* Begin PBXFrameworksBuildPhase section */
		61E01B5522768C5E00045833 /* Frameworks */ = {
			isa = PBXFrameworksBuildPhase;
			buildActionMask = 2147483647;
			files = (
			);
			runOnlyForDeploymentPostprocessing = 0;
		};
/* End PBXFrameworksBuildPhase section */

/* Begin PBXGroup section */
		61E01B4F22768C5D00045833 = {
			isa = PBXGroup;
			children = (
				61E01B5A22768C5E00045833 /* DominoPizza */,
				61E01B5922768C5E00045833 /* Products */,
			);
			sourceTree = "<group>";
		};
		61E01B5922768C5E00045833 /* Products */ = {
			isa = PBXGroup;
			children = (
				61E01B5822768C5E00045833 /* DominoPizza.app */,
			);
			name = Products;
			sourceTree = "<group>";
		};
		61E01B5A22768C5E00045833 /* DominoPizza */ = {
			isa = PBXGroup;
			children = (
				61E01B5B22768C5E00045833 /* AppDelegate.swift */,
				61E01B6F22768CF000045833 /* WishListViewController.swift */,
				61E01B5F22768C5E00045833 /* Main.storyboard */,
				61E01B6222768C5F00045833 /* Assets.xcassets */,
				61E01B6422768C5F00045833 /* LaunchScreen.storyboard */,
				61E01B6722768C5F00045833 /* Info.plist */,
				61E01B7122768E6700045833 /* CategoryView */,
				61E01B762276916300045833 /* Data.swift */,
			);
			path = DominoPizza;
			sourceTree = "<group>";
		};
		61E01B7122768E6700045833 /* CategoryView */ = {
			isa = PBXGroup;
			children = (
				61E01B6D22768C7200045833 /* CategoryViewController.swift */,
				61E01B782276A4CD00045833 /* ProductViewController.swift */,
				61E01B7C2276AAD500045833 /* CategoryTableViewCell.swift */,
				61E01B7D2276AAD500045833 /* CategoryTableViewCell.xib */,
			);
			path = CategoryView;
			sourceTree = "<group>";
		};
/* End PBXGroup section */

/* Begin PBXNativeTarget section */
		61E01B5722768C5E00045833 /* DominoPizza */ = {
			isa = PBXNativeTarget;
			buildConfigurationList = 61E01B6A22768C5F00045833 /* Build configuration list for PBXNativeTarget "DominoPizza" */;
			buildPhases = (
				61E01B5422768C5E00045833 /* Sources */,
				61E01B5522768C5E00045833 /* Frameworks */,
				61E01B5622768C5E00045833 /* Resources */,
			);
			buildRules = (
			);
			dependencies = (
			);
			name = DominoPizza;
			productName = DominoPizza;
			productReference = 61E01B5822768C5E00045833 /* DominoPizza.app */;
			productType = "com.apple.product-type.application";
		};
/* End PBXNativeTarget section */

/* Begin PBXProject section */
		61E01B5022768C5D00045833 /* Project object */ = {
			isa = PBXProject;
			attributes = {
				LastSwiftUpdateCheck = 1020;
				LastUpgradeCheck = 1020;
				ORGANIZATIONNAME = pino;
				TargetAttributes = {
					61E01B5722768C5E00045833 = {
						CreatedOnToolsVersion = 10.2.1;
					};
				};
			};
			buildConfigurationList = 61E01B5322768C5D00045833 /* Build configuration list for PBXProject "DominoPizza" */;
			compatibilityVersion = "Xcode 9.3";
			developmentRegion = en;
			hasScannedForEncodings = 0;
			knownRegions = (
				en,
				Base,
			);
			mainGroup = 61E01B4F22768C5D00045833;
			productRefGroup = 61E01B5922768C5E00045833 /* Products */;
			projectDirPath = "";
			projectRoot = "";
			targets = (
				61E01B5722768C5E00045833 /* DominoPizza */,
			);
		};
/* End PBXProject section */

/* Begin PBXResourcesBuildPhase section */
		61E01B5622768C5E00045833 /* Resources */ = {
			isa = PBXResourcesBuildPhase;
			buildActionMask = 2147483647;
			files = (
				61E01B6622768C5F00045833 /* LaunchScreen.storyboard in Resources */,
				61E01B6322768C5F00045833 /* Assets.xcassets in Resources */,
				61E01B6122768C5E00045833 /* Main.storyboard in Resources */,
				61E01B7F2276AAD500045833 /* CategoryTableViewCell.xib in Resources */,
			);
			runOnlyForDeploymentPostprocessing = 0;
		};
/* End PBXResourcesBuildPhase section */

/* Begin PBXSourcesBuildPhase section */
		61E01B5422768C5E00045833 /* Sources */ = {
			isa = PBXSourcesBuildPhase;
			buildActionMask = 2147483647;
			files = (
				61E01B792276A4CD00045833 /* ProductViewController.swift in Sources */,
				61E01B6E22768C7200045833 /* CategoryViewController.swift in Sources */,
				61E01B772276916300045833 /* Data.swift in Sources */,
				61E01B7022768CF000045833 /* WishListViewController.swift in Sources */,
				61E01B5C22768C5E00045833 /* AppDelegate.swift in Sources */,
				61E01B7E2276AAD500045833 /* CategoryTableViewCell.swift in Sources */,
			);
			runOnlyForDeploymentPostprocessing = 0;
		};
/* End PBXSourcesBuildPhase section */

/* Begin PBXVariantGroup section */
		61E01B5F22768C5E00045833 /* Main.storyboard */ = {
			isa = PBXVariantGroup;
			children = (
				61E01B6022768C5E00045833 /* Base */,
			);
			name = Main.storyboard;
			sourceTree = "<group>";
		};
		61E01B6422768C5F00045833 /* LaunchScreen.storyboard */ = {
			isa = PBXVariantGroup;
			children = (
				61E01B6522768C5F00045833 /* Base */,
			);
			name = LaunchScreen.storyboard;
			sourceTree = "<group>";
		};
/* End PBXVariantGroup section */

/* Begin XCBuildConfiguration section */
		61E01B6822768C5F00045833 /* Debug */ = {
			isa = XCBuildConfiguration;
			buildSettings = {
				ALWAYS_SEARCH_USER_PATHS = NO;
				CLANG_ANALYZER_NONNULL = YES;
				CLANG_ANALYZER_NUMBER_OBJECT_CONVERSION = YES_AGGRESSIVE;
				CLANG_CXX_LANGUAGE_STANDARD = "gnu++14";
				CLANG_CXX_LIBRARY = "libc++";
				CLANG_ENABLE_MODULES = YES;
				CLANG_ENABLE_OBJC_ARC = YES;
				CLANG_ENABLE_OBJC_WEAK = YES;
				CLANG_WARN_BLOCK_CAPTURE_AUTORELEASING = YES;
				CLANG_WARN_BOOL_CONVERSION = YES;
				CLANG_WARN_COMMA = YES;
				CLANG_WARN_CONSTANT_CONVERSION = YES;
				CLANG_WARN_DEPRECATED_OBJC_IMPLEMENTATIONS = YES;
				CLANG_WARN_DIRECT_OBJC_ISA_USAGE = YES_ERROR;
				CLANG_WARN_DOCUMENTATION_COMMENTS = YES;
				CLANG_WARN_EMPTY_BODY = YES;
				CLANG_WARN_ENUM_CONVERSION = YES;
				CLANG_WARN_INFINITE_RECURSION = YES;
				CLANG_WARN_INT_CONVERSION = YES;
				CLANG_WARN_NON_LITERAL_NULL_CONVERSION = YES;
				CLANG_WARN_OBJC_IMPLICIT_RETAIN_SELF = YES;
				CLANG_WARN_OBJC_LITERAL_CONVERSION = YES;
				CLANG_WARN_OBJC_ROOT_CLASS = YES_ERROR;
				CLANG_WARN_RANGE_LOOP_ANALYSIS = YES;
				CLANG_WARN_STRICT_PROTOTYPES = YES;
				CLANG_WARN_SUSPICIOUS_MOVE = YES;
				CLANG_WARN_UNGUARDED_AVAILABILITY = YES_AGGRESSIVE;
				CLANG_WARN_UNREACHABLE_CODE = YES;
				CLANG_WARN__DUPLICATE_METHOD_MATCH = YES;
				CODE_SIGN_IDENTITY = "iPhone Developer";
				COPY_PHASE_STRIP = NO;
				DEBUG_INFORMATION_FORMAT = dwarf;
				ENABLE_STRICT_OBJC_MSGSEND = YES;
				ENABLE_TESTABILITY = YES;
				GCC_C_LANGUAGE_STANDARD = gnu11;
				GCC_DYNAMIC_NO_PIC = NO;
				GCC_NO_COMMON_BLOCKS = YES;
				GCC_OPTIMIZATION_LEVEL = 0;
				GCC_PREPROCESSOR_DEFINITIONS = (
					"DEBUG=1",
					"$(inherited)",
				);
				GCC_WARN_64_TO_32_BIT_CONVERSION = YES;
				GCC_WARN_ABOUT_RETURN_TYPE = YES_ERROR;
				GCC_WARN_UNDECLARED_SELECTOR = YES;
				GCC_WARN_UNINITIALIZED_AUTOS = YES_AGGRESSIVE;
				GCC_WARN_UNUSED_FUNCTION = YES;
				GCC_WARN_UNUSED_VARIABLE = YES;
				IPHONEOS_DEPLOYMENT_TARGET = 12.2;
				MTL_ENABLE_DEBUG_INFO = INCLUDE_SOURCE;
				MTL_FAST_MATH = YES;
				ONLY_ACTIVE_ARCH = YES;
				SDKROOT = iphoneos;
				SWIFT_ACTIVE_COMPILATION_CONDITIONS = DEBUG;
				SWIFT_OPTIMIZATION_LEVEL = "-Onone";
			};
			name = Debug;
		};
		61E01B6922768C5F00045833 /* Release */ = {
			isa = XCBuildConfiguration;
			buildSettings = {
				ALWAYS_SEARCH_USER_PATHS = NO;
				CLANG_ANALYZER_NONNULL = YES;
				CLANG_ANALYZER_NUMBER_OBJECT_CONVERSION = YES_AGGRESSIVE;
				CLANG_CXX_LANGUAGE_STANDARD = "gnu++14";
				CLANG_CXX_LIBRARY = "libc++";
				CLANG_ENABLE_MODULES = YES;
				CLANG_ENABLE_OBJC_ARC = YES;
				CLANG_ENABLE_OBJC_WEAK = YES;
				CLANG_WARN_BLOCK_CAPTURE_AUTORELEASING = YES;
				CLANG_WARN_BOOL_CONVERSION = YES;
				CLANG_WARN_COMMA = YES;
				CLANG_WARN_CONSTANT_CONVERSION = YES;
				CLANG_WARN_DEPRECATED_OBJC_IMPLEMENTATIONS = YES;
				CLANG_WARN_DIRECT_OBJC_ISA_USAGE = YES_ERROR;
				CLANG_WARN_DOCUMENTATION_COMMENTS = YES;
				CLANG_WARN_EMPTY_BODY = YES;
				CLANG_WARN_ENUM_CONVERSION = YES;
				CLANG_WARN_INFINITE_RECURSION = YES;
				CLANG_WARN_INT_CONVERSION = YES;
				CLANG_WARN_NON_LITERAL_NULL_CONVERSION = YES;
				CLANG_WARN_OBJC_IMPLICIT_RETAIN_SELF = YES;
				CLANG_WARN_OBJC_LITERAL_CONVERSION = YES;
				CLANG_WARN_OBJC_ROOT_CLASS = YES_ERROR;
				CLANG_WARN_RANGE_LOOP_ANALYSIS = YES;
				CLANG_WARN_STRICT_PROTOTYPES = YES;
				CLANG_WARN_SUSPICIOUS_MOVE = YES;
				CLANG_WARN_UNGUARDED_AVAILABILITY = YES_AGGRESSIVE;
				CLANG_WARN_UNREACHABLE_CODE = YES;
				CLANG_WARN__DUPLICATE_METHOD_MATCH = YES;
				CODE_SIGN_IDENTITY = "iPhone Developer";
				COPY_PHASE_STRIP = NO;
				DEBUG_INFORMATION_FORMAT = "dwarf-with-dsym";
				ENABLE_NS_ASSERTIONS = NO;
				ENABLE_STRICT_OBJC_MSGSEND = YES;
				GCC_C_LANGUAGE_STANDARD = gnu11;
				GCC_NO_COMMON_BLOCKS = YES;
				GCC_WARN_64_TO_32_BIT_CONVERSION = YES;
				GCC_WARN_ABOUT_RETURN_TYPE = YES_ERROR;
				GCC_WARN_UNDECLARED_SELECTOR = YES;
				GCC_WARN_UNINITIALIZED_AUTOS = YES_AGGRESSIVE;
				GCC_WARN_UNUSED_FUNCTION = YES;
				GCC_WARN_UNUSED_VARIABLE = YES;
				IPHONEOS_DEPLOYMENT_TARGET = 12.2;
				MTL_ENABLE_DEBUG_INFO = NO;
				MTL_FAST_MATH = YES;
				SDKROOT = iphoneos;
				SWIFT_COMPILATION_MODE = wholemodule;
				SWIFT_OPTIMIZATION_LEVEL = "-O";
				VALIDATE_PRODUCT = YES;
			};
			name = Release;
		};
		61E01B6B22768C5F00045833 /* Debug */ = {
			isa = XCBuildConfiguration;
			buildSettings = {
				ASSETCATALOG_COMPILER_APPICON_NAME = AppIcon;
				CODE_SIGN_STYLE = Automatic;
				INFOPLIST_FILE = DominoPizza/Info.plist;
				LD_RUNPATH_SEARCH_PATHS = (
					"$(inherited)",
					"@executable_path/Frameworks",
				);
				PRODUCT_BUNDLE_IDENTIFIER = io.github.92pino.DominoPizza;
				PRODUCT_NAME = "$(TARGET_NAME)";
				SWIFT_VERSION = 5.0;
				TARGETED_DEVICE_FAMILY = "1,2";
			};
			name = Debug;
		};
		61E01B6C22768C5F00045833 /* Release */ = {
			isa = XCBuildConfiguration;
			buildSettings = {
				ASSETCATALOG_COMPILER_APPICON_NAME = AppIcon;
				CODE_SIGN_STYLE = Automatic;
				INFOPLIST_FILE = DominoPizza/Info.plist;
				LD_RUNPATH_SEARCH_PATHS = (
					"$(inherited)",
					"@executable_path/Frameworks",
				);
				PRODUCT_BUNDLE_IDENTIFIER = io.github.92pino.DominoPizza;
				PRODUCT_NAME = "$(TARGET_NAME)";
				SWIFT_VERSION = 5.0;
				TARGETED_DEVICE_FAMILY = "1,2";
			};
			name = Release;
		};
/* End XCBuildConfiguration section */

/* Begin XCConfigurationList section */
		61E01B5322768C5D00045833 /* Build configuration list for PBXProject "DominoPizza" */ = {
			isa = XCConfigurationList;
			buildConfigurations = (
				61E01B6822768C5F00045833 /* Debug */,
				61E01B6922768C5F00045833 /* Release */,
			);
			defaultConfigurationIsVisible = 0;
			defaultConfigurationName = Release;
		};
		61E01B6A22768C5F00045833 /* Build configuration list for PBXNativeTarget "DominoPizza" */ = {
			isa = XCConfigurationList;
			buildConfigurations = (
				61E01B6B22768C5F00045833 /* Debug */,
				61E01B6C22768C5F00045833 /* Release */,
			);
			defaultConfigurationIsVisible = 0;
			defaultConfigurationName = Release;
		};
/* End XCConfigurationList section */
	};
	rootObject = 61E01B5022768C5D00045833 /* Project object */;
}
