// !$*UTF8*$!
{
	archiveVersion = 1;
	classes = {
	};
	objectVersion = 50;
	objects = {

/* Begin PBXBuildFile section */
		619342C021AEB08E00F9850A /* AppDelegate.swift in Sources */ = {isa = PBXBuildFile; fileRef = 619342BF21AEB08E00F9850A /* AppDelegate.swift */; };
		619342C221AEB08E00F9850A /* ViewController.swift in Sources */ = {isa = PBXBuildFile; fileRef = 619342C121AEB08E00F9850A /* ViewController.swift */; };
		619342C521AEB08E00F9850A /* Main.storyboard in Resources */ = {isa = PBXBuildFile; fileRef = 619342C321AEB08E00F9850A /* Main.storyboard */; };
		619342C721AEB08F00F9850A /* Assets.xcassets in Resources */ = {isa = PBXBuildFile; fileRef = 619342C621AEB08F00F9850A /* Assets.xcassets */; };
		619342CA21AEB08F00F9850A /* LaunchScreen.storyboard in Resources */ = {isa = PBXBuildFile; fileRef = 619342C821AEB08F00F9850A /* LaunchScreen.storyboard */; };
		619342D521AEB08F00F9850A /* BookManagerTests.swift in Sources */ = {isa = PBXBuildFile; fileRef = 619342D421AEB08F00F9850A /* BookManagerTests.swift */; };
		619342E021AEB08F00F9850A /* BookManagerUITests.swift in Sources */ = {isa = PBXBuildFile; fileRef = 619342DF21AEB08F00F9850A /* BookManagerUITests.swift */; };
		619342EE21AEB0A300F9850A /* Book.swift in Sources */ = {isa = PBXBuildFile; fileRef = 619342ED21AEB0A300F9850A /* Book.swift */; };
/* End PBXBuildFile section */

/* Begin PBXContainerItemProxy section */
		619342D121AEB08F00F9850A /* PBXContainerItemProxy */ = {
			isa = PBXContainerItemProxy;
			containerPortal = 619342B421AEB08E00F9850A /* Project object */;
			proxyType = 1;
			remoteGlobalIDString = 619342BB21AEB08E00F9850A;
			remoteInfo = BookManager;
		};
		619342DC21AEB08F00F9850A /* PBXContainerItemProxy */ = {
			isa = PBXContainerItemProxy;
			containerPortal = 619342B421AEB08E00F9850A /* Project object */;
			proxyType = 1;
			remoteGlobalIDString = 619342BB21AEB08E00F9850A;
			remoteInfo = BookManager;
		};
/* End PBXContainerItemProxy section */

/* Begin PBXFileReference section */
		619342BC21AEB08E00F9850A /* BookManager.app */ = {isa = PBXFileReference; explicitFileType = wrapper.application; includeInIndex = 0; path = BookManager.app; sourceTree = BUILT_PRODUCTS_DIR; };
		619342BF21AEB08E00F9850A /* AppDelegate.swift */ = {isa = PBXFileReference; lastKnownFileType = sourcecode.swift; path = AppDelegate.swift; sourceTree = "<group>"; };
		619342C121AEB08E00F9850A /* ViewController.swift */ = {isa = PBXFileReference; lastKnownFileType = sourcecode.swift; path = ViewController.swift; sourceTree = "<group>"; };
		619342C421AEB08E00F9850A /* Base */ = {isa = PBXFileReference; lastKnownFileType = file.storyboard; name = Base; path = Base.lproj/Main.storyboard; sourceTree = "<group>"; };
		619342C621AEB08F00F9850A /* Assets.xcassets */ = {isa = PBXFileReference; lastKnownFileType = folder.assetcatalog; path = Assets.xcassets; sourceTree = "<group>"; };
		619342C921AEB08F00F9850A /* Base */ = {isa = PBXFileReference; lastKnownFileType = file.storyboard; name = Base; path = Base.lproj/LaunchScreen.storyboard; sourceTree = "<group>"; };
		619342CB21AEB08F00F9850A /* Info.plist */ = {isa = PBXFileReference; lastKnownFileType = text.plist.xml; path = Info.plist; sourceTree = "<group>"; };
		619342D021AEB08F00F9850A /* BookManagerTests.xctest */ = {isa = PBXFileReference; explicitFileType = wrapper.cfbundle; includeInIndex = 0; path = BookManagerTests.xctest; sourceTree = BUILT_PRODUCTS_DIR; };
		619342D421AEB08F00F9850A /* BookManagerTests.swift */ = {isa = PBXFileReference; lastKnownFileType = sourcecode.swift; path = BookManagerTests.swift; sourceTree = "<group>"; };
		619342D621AEB08F00F9850A /* Info.plist */ = {isa = PBXFileReference; lastKnownFileType = text.plist.xml; path = Info.plist; sourceTree = "<group>"; };
		619342DB21AEB08F00F9850A /* BookManagerUITests.xctest */ = {isa = PBXFileReference; explicitFileType = wrapper.cfbundle; includeInIndex = 0; path = BookManagerUITests.xctest; sourceTree = BUILT_PRODUCTS_DIR; };
		619342DF21AEB08F00F9850A /* BookManagerUITests.swift */ = {isa = PBXFileReference; lastKnownFileType = sourcecode.swift; path = BookManagerUITests.swift; sourceTree = "<group>"; };
		619342E121AEB08F00F9850A /* Info.plist */ = {isa = PBXFileReference; lastKnownFileType = text.plist.xml; path = Info.plist; sourceTree = "<group>"; };
		619342ED21AEB0A300F9850A /* Book.swift */ = {isa = PBXFileReference; lastKnownFileType = sourcecode.swift; path = Book.swift; sourceTree = "<group>"; };
/* End PBXFileReference section */

/* Begin PBXFrameworksBuildPhase section */
		619342B921AEB08E00F9850A /* Frameworks */ = {
			isa = PBXFrameworksBuildPhase;
			buildActionMask = 2147483647;
			files = (
			);
			runOnlyForDeploymentPostprocessing = 0;
		};
		619342CD21AEB08F00F9850A /* Frameworks */ = {
			isa = PBXFrameworksBuildPhase;
			buildActionMask = 2147483647;
			files = (
			);
			runOnlyForDeploymentPostprocessing = 0;
		};
		619342D821AEB08F00F9850A /* Frameworks */ = {
			isa = PBXFrameworksBuildPhase;
			buildActionMask = 2147483647;
			files = (
			);
			runOnlyForDeploymentPostprocessing = 0;
		};
/* End PBXFrameworksBuildPhase section */

/* Begin PBXGroup section */
		619342B321AEB08E00F9850A = {
			isa = PBXGroup;
			children = (
				619342BE21AEB08E00F9850A /* BookManager */,
				619342D321AEB08F00F9850A /* BookManagerTests */,
				619342DE21AEB08F00F9850A /* BookManagerUITests */,
				619342BD21AEB08E00F9850A /* Products */,
			);
			sourceTree = "<group>";
		};
		619342BD21AEB08E00F9850A /* Products */ = {
			isa = PBXGroup;
			children = (
				619342BC21AEB08E00F9850A /* BookManager.app */,
				619342D021AEB08F00F9850A /* BookManagerTests.xctest */,
				619342DB21AEB08F00F9850A /* BookManagerUITests.xctest */,
			);
			name = Products;
			sourceTree = "<group>";
		};
		619342BE21AEB08E00F9850A /* BookManager */ = {
			isa = PBXGroup;
			children = (
				619342BF21AEB08E00F9850A /* AppDelegate.swift */,
				619342C121AEB08E00F9850A /* ViewController.swift */,
				619342C321AEB08E00F9850A /* Main.storyboard */,
				619342C621AEB08F00F9850A /* Assets.xcassets */,
				619342C821AEB08F00F9850A /* LaunchScreen.storyboard */,
				619342CB21AEB08F00F9850A /* Info.plist */,
				619342ED21AEB0A300F9850A /* Book.swift */,
			);
			path = BookManager;
			sourceTree = "<group>";
		};
		619342D321AEB08F00F9850A /* BookManagerTests */ = {
			isa = PBXGroup;
			children = (
				619342D421AEB08F00F9850A /* BookManagerTests.swift */,
				619342D621AEB08F00F9850A /* Info.plist */,
			);
			path = BookManagerTests;
			sourceTree = "<group>";
		};
		619342DE21AEB08F00F9850A /* BookManagerUITests */ = {
			isa = PBXGroup;
			children = (
				619342DF21AEB08F00F9850A /* BookManagerUITests.swift */,
				619342E121AEB08F00F9850A /* Info.plist */,
			);
			path = BookManagerUITests;
			sourceTree = "<group>";
		};
/* End PBXGroup section */

/* Begin PBXNativeTarget section */
		619342BB21AEB08E00F9850A /* BookManager */ = {
			isa = PBXNativeTarget;
			buildConfigurationList = 619342E421AEB08F00F9850A /* Build configuration list for PBXNativeTarget "BookManager" */;
			buildPhases = (
				619342B821AEB08E00F9850A /* Sources */,
				619342B921AEB08E00F9850A /* Frameworks */,
				619342BA21AEB08E00F9850A /* Resources */,
			);
			buildRules = (
			);
			dependencies = (
			);
			name = BookManager;
			productName = BookManager;
			productReference = 619342BC21AEB08E00F9850A /* BookManager.app */;
			productType = "com.apple.product-type.application";
		};
		619342CF21AEB08F00F9850A /* BookManagerTests */ = {
			isa = PBXNativeTarget;
			buildConfigurationList = 619342E721AEB08F00F9850A /* Build configuration list for PBXNativeTarget "BookManagerTests" */;
			buildPhases = (
				619342CC21AEB08F00F9850A /* Sources */,
				619342CD21AEB08F00F9850A /* Frameworks */,
				619342CE21AEB08F00F9850A /* Resources */,
			);
			buildRules = (
			);
			dependencies = (
				619342D221AEB08F00F9850A /* PBXTargetDependency */,
			);
			name = BookManagerTests;
			productName = BookManagerTests;
			productReference = 619342D021AEB08F00F9850A /* BookManagerTests.xctest */;
			productType = "com.apple.product-type.bundle.unit-test";
		};
		619342DA21AEB08F00F9850A /* BookManagerUITests */ = {
			isa = PBXNativeTarget;
			buildConfigurationList = 619342EA21AEB08F00F9850A /* Build configuration list for PBXNativeTarget "BookManagerUITests" */;
			buildPhases = (
				619342D721AEB08F00F9850A /* Sources */,
				619342D821AEB08F00F9850A /* Frameworks */,
				619342D921AEB08F00F9850A /* Resources */,
			);
			buildRules = (
			);
			dependencies = (
				619342DD21AEB08F00F9850A /* PBXTargetDependency */,
			);
			name = BookManagerUITests;
			productName = BookManagerUITests;
			productReference = 619342DB21AEB08F00F9850A /* BookManagerUITests.xctest */;
			productType = "com.apple.product-type.bundle.ui-testing";
		};
/* End PBXNativeTarget section */

/* Begin PBXProject section */
		619342B421AEB08E00F9850A /* Project object */ = {
			isa = PBXProject;
			attributes = {
				LastSwiftUpdateCheck = 1010;
				LastUpgradeCheck = 1010;
				ORGANIZATIONNAME = "JinBae Jeong";
				TargetAttributes = {
					619342BB21AEB08E00F9850A = {
						CreatedOnToolsVersion = 10.1;
					};
					619342CF21AEB08F00F9850A = {
						CreatedOnToolsVersion = 10.1;
						TestTargetID = 619342BB21AEB08E00F9850A;
					};
					619342DA21AEB08F00F9850A = {
						CreatedOnToolsVersion = 10.1;
						TestTargetID = 619342BB21AEB08E00F9850A;
					};
				};
			};
			buildConfigurationList = 619342B721AEB08E00F9850A /* Build configuration list for PBXProject "BookManager" */;
			compatibilityVersion = "Xcode 9.3";
			developmentRegion = en;
			hasScannedForEncodings = 0;
			knownRegions = (
				en,
				Base,
			);
			mainGroup = 619342B321AEB08E00F9850A;
			productRefGroup = 619342BD21AEB08E00F9850A /* Products */;
			projectDirPath = "";
			projectRoot = "";
			targets = (
				619342BB21AEB08E00F9850A /* BookManager */,
				619342CF21AEB08F00F9850A /* BookManagerTests */,
				619342DA21AEB08F00F9850A /* BookManagerUITests */,
			);
		};
/* End PBXProject section */

/* Begin PBXResourcesBuildPhase section */
		619342BA21AEB08E00F9850A /* Resources */ = {
			isa = PBXResourcesBuildPhase;
			buildActionMask = 2147483647;
			files = (
				619342CA21AEB08F00F9850A /* LaunchScreen.storyboard in Resources */,
				619342C721AEB08F00F9850A /* Assets.xcassets in Resources */,
				619342C521AEB08E00F9850A /* Main.storyboard in Resources */,
			);
			runOnlyForDeploymentPostprocessing = 0;
		};
		619342CE21AEB08F00F9850A /* Resources */ = {
			isa = PBXResourcesBuildPhase;
			buildActionMask = 2147483647;
			files = (
			);
			runOnlyForDeploymentPostprocessing = 0;
		};
		619342D921AEB08F00F9850A /* Resources */ = {
			isa = PBXResourcesBuildPhase;
			buildActionMask = 2147483647;
			files = (
			);
			runOnlyForDeploymentPostprocessing = 0;
		};
/* End PBXResourcesBuildPhase section */

/* Begin PBXSourcesBuildPhase section */
		619342B821AEB08E00F9850A /* Sources */ = {
			isa = PBXSourcesBuildPhase;
			buildActionMask = 2147483647;
			files = (
				619342C221AEB08E00F9850A /* ViewController.swift in Sources */,
				619342C021AEB08E00F9850A /* AppDelegate.swift in Sources */,
				619342EE21AEB0A300F9850A /* Book.swift in Sources */,
			);
			runOnlyForDeploymentPostprocessing = 0;
		};
		619342CC21AEB08F00F9850A /* Sources */ = {
			isa = PBXSourcesBuildPhase;
			buildActionMask = 2147483647;
			files = (
				619342D521AEB08F00F9850A /* BookManagerTests.swift in Sources */,
			);
			runOnlyForDeploymentPostprocessing = 0;
		};
		619342D721AEB08F00F9850A /* Sources */ = {
			isa = PBXSourcesBuildPhase;
			buildActionMask = 2147483647;
			files = (
				619342E021AEB08F00F9850A /* BookManagerUITests.swift in Sources */,
			);
			runOnlyForDeploymentPostprocessing = 0;
		};
/* End PBXSourcesBuildPhase section */

/* Begin PBXTargetDependency section */
		619342D221AEB08F00F9850A /* PBXTargetDependency */ = {
			isa = PBXTargetDependency;
			target = 619342BB21AEB08E00F9850A /* BookManager */;
			targetProxy = 619342D121AEB08F00F9850A /* PBXContainerItemProxy */;
		};
		619342DD21AEB08F00F9850A /* PBXTargetDependency */ = {
			isa = PBXTargetDependency;
			target = 619342BB21AEB08E00F9850A /* BookManager */;
			targetProxy = 619342DC21AEB08F00F9850A /* PBXContainerItemProxy */;
		};
/* End PBXTargetDependency section */

/* Begin PBXVariantGroup section */
		619342C321AEB08E00F9850A /* Main.storyboard */ = {
			isa = PBXVariantGroup;
			children = (
				619342C421AEB08E00F9850A /* Base */,
			);
			name = Main.storyboard;
			sourceTree = "<group>";
		};
		619342C821AEB08F00F9850A /* LaunchScreen.storyboard */ = {
			isa = PBXVariantGroup;
			children = (
				619342C921AEB08F00F9850A /* Base */,
			);
			name = LaunchScreen.storyboard;
			sourceTree = "<group>";
		};
/* End PBXVariantGroup section */

/* Begin XCBuildConfiguration section */
		619342E221AEB08F00F9850A /* Debug */ = {
			isa = XCBuildConfiguration;
			buildSettings = {
				ALWAYS_SEARCH_USER_PATHS = NO;
				CLANG_ANALYZER_NONNULL = YES;
				CLANG_ANALYZER_NUMBER_OBJECT_CONVERSION = YES_AGGRESSIVE;
				CLANG_CXX_LANGUAGE_STANDARD = "gnu++14";
				CLANG_CXX_LIBRARY = "libc++";
				CLANG_ENABLE_MODULES = YES;
				CLANG_ENABLE_OBJC_ARC = YES;
				CLANG_ENABLE_OBJC_WEAK = YES;
				CLANG_WARN_BLOCK_CAPTURE_AUTORELEASING = YES;
				CLANG_WARN_BOOL_CONVERSION = YES;
				CLANG_WARN_COMMA = YES;
				CLANG_WARN_CONSTANT_CONVERSION = YES;
				CLANG_WARN_DEPRECATED_OBJC_IMPLEMENTATIONS = YES;
				CLANG_WARN_DIRECT_OBJC_ISA_USAGE = YES_ERROR;
				CLANG_WARN_DOCUMENTATION_COMMENTS = YES;
				CLANG_WARN_EMPTY_BODY = YES;
				CLANG_WARN_ENUM_CONVERSION = YES;
				CLANG_WARN_INFINITE_RECURSION = YES;
				CLANG_WARN_INT_CONVERSION = YES;
				CLANG_WARN_NON_LITERAL_NULL_CONVERSION = YES;
				CLANG_WARN_OBJC_IMPLICIT_RETAIN_SELF = YES;
				CLANG_WARN_OBJC_LITERAL_CONVERSION = YES;
				CLANG_WARN_OBJC_ROOT_CLASS = YES_ERROR;
				CLANG_WARN_RANGE_LOOP_ANALYSIS = YES;
				CLANG_WARN_STRICT_PROTOTYPES = YES;
				CLANG_WARN_SUSPICIOUS_MOVE = YES;
				CLANG_WARN_UNGUARDED_AVAILABILITY = YES_AGGRESSIVE;
				CLANG_WARN_UNREACHABLE_CODE = YES;
				CLANG_WARN__DUPLICATE_METHOD_MATCH = YES;
				CODE_SIGN_IDENTITY = "iPhone Developer";
				COPY_PHASE_STRIP = NO;
				DEBUG_INFORMATION_FORMAT = dwarf;
				ENABLE_STRICT_OBJC_MSGSEND = YES;
				ENABLE_TESTABILITY = YES;
				GCC_C_LANGUAGE_STANDARD = gnu11;
				GCC_DYNAMIC_NO_PIC = NO;
				GCC_NO_COMMON_BLOCKS = YES;
				GCC_OPTIMIZATION_LEVEL = 0;
				GCC_PREPROCESSOR_DEFINITIONS = (
					"DEBUG=1",
					"$(inherited)",
				);
				GCC_WARN_64_TO_32_BIT_CONVERSION = YES;
				GCC_WARN_ABOUT_RETURN_TYPE = YES_ERROR;
				GCC_WARN_UNDECLARED_SELECTOR = YES;
				GCC_WARN_UNINITIALIZED_AUTOS = YES_AGGRESSIVE;
				GCC_WARN_UNUSED_FUNCTION = YES;
				GCC_WARN_UNUSED_VARIABLE = YES;
				IPHONEOS_DEPLOYMENT_TARGET = 12.1;
				MTL_ENABLE_DEBUG_INFO = INCLUDE_SOURCE;
				MTL_FAST_MATH = YES;
				ONLY_ACTIVE_ARCH = YES;
				SDKROOT = iphoneos;
				SWIFT_ACTIVE_COMPILATION_CONDITIONS = DEBUG;
				SWIFT_OPTIMIZATION_LEVEL = "-Onone";
			};
			name = Debug;
		};
		619342E321AEB08F00F9850A /* Release */ = {
			isa = XCBuildConfiguration;
			buildSettings = {
				ALWAYS_SEARCH_USER_PATHS = NO;
				CLANG_ANALYZER_NONNULL = YES;
				CLANG_ANALYZER_NUMBER_OBJECT_CONVERSION = YES_AGGRESSIVE;
				CLANG_CXX_LANGUAGE_STANDARD = "gnu++14";
				CLANG_CXX_LIBRARY = "libc++";
				CLANG_ENABLE_MODULES = YES;
				CLANG_ENABLE_OBJC_ARC = YES;
				CLANG_ENABLE_OBJC_WEAK = YES;
				CLANG_WARN_BLOCK_CAPTURE_AUTORELEASING = YES;
				CLANG_WARN_BOOL_CONVERSION = YES;
				CLANG_WARN_COMMA = YES;
				CLANG_WARN_CONSTANT_CONVERSION = YES;
				CLANG_WARN_DEPRECATED_OBJC_IMPLEMENTATIONS = YES;
				CLANG_WARN_DIRECT_OBJC_ISA_USAGE = YES_ERROR;
				CLANG_WARN_DOCUMENTATION_COMMENTS = YES;
				CLANG_WARN_EMPTY_BODY = YES;
				CLANG_WARN_ENUM_CONVERSION = YES;
				CLANG_WARN_INFINITE_RECURSION = YES;
				CLANG_WARN_INT_CONVERSION = YES;
				CLANG_WARN_NON_LITERAL_NULL_CONVERSION = YES;
				CLANG_WARN_OBJC_IMPLICIT_RETAIN_SELF = YES;
				CLANG_WARN_OBJC_LITERAL_CONVERSION = YES;
				CLANG_WARN_OBJC_ROOT_CLASS = YES_ERROR;
				CLANG_WARN_RANGE_LOOP_ANALYSIS = YES;
				CLANG_WARN_STRICT_PROTOTYPES = YES;
				CLANG_WARN_SUSPICIOUS_MOVE = YES;
				CLANG_WARN_UNGUARDED_AVAILABILITY = YES_AGGRESSIVE;
				CLANG_WARN_UNREACHABLE_CODE = YES;
				CLANG_WARN__DUPLICATE_METHOD_MATCH = YES;
				CODE_SIGN_IDENTITY = "iPhone Developer";
				COPY_PHASE_STRIP = NO;
				DEBUG_INFORMATION_FORMAT = "dwarf-with-dsym";
				ENABLE_NS_ASSERTIONS = NO;
				ENABLE_STRICT_OBJC_MSGSEND = YES;
				GCC_C_LANGUAGE_STANDARD = gnu11;
				GCC_NO_COMMON_BLOCKS = YES;
				GCC_WARN_64_TO_32_BIT_CONVERSION = YES;
				GCC_WARN_ABOUT_RETURN_TYPE = YES_ERROR;
				GCC_WARN_UNDECLARED_SELECTOR = YES;
				GCC_WARN_UNINITIALIZED_AUTOS = YES_AGGRESSIVE;
				GCC_WARN_UNUSED_FUNCTION = YES;
				GCC_WARN_UNUSED_VARIABLE = YES;
				IPHONEOS_DEPLOYMENT_TARGET = 12.1;
				MTL_ENABLE_DEBUG_INFO = NO;
				MTL_FAST_MATH = YES;
				SDKROOT = iphoneos;
				SWIFT_COMPILATION_MODE = wholemodule;
				SWIFT_OPTIMIZATION_LEVEL = "-O";
				VALIDATE_PRODUCT = YES;
			};
			name = Release;
		};
		619342E521AEB08F00F9850A /* Debug */ = {
			isa = XCBuildConfiguration;
			buildSettings = {
				ASSETCATALOG_COMPILER_APPICON_NAME = AppIcon;
				CODE_SIGN_STYLE = Automatic;
				INFOPLIST_FILE = BookManager/Info.plist;
				LD_RUNPATH_SEARCH_PATHS = (
					"$(inherited)",
					"@executable_path/Frameworks",
				);
				PRODUCT_BUNDLE_IDENTIFIER = io.github.92pino.BookManager;
				PRODUCT_NAME = "$(TARGET_NAME)";
				SWIFT_VERSION = 4.2;
				TARGETED_DEVICE_FAMILY = "1,2";
			};
			name = Debug;
		};
		619342E621AEB08F00F9850A /* Release */ = {
			isa = XCBuildConfiguration;
			buildSettings = {
				ASSETCATALOG_COMPILER_APPICON_NAME = AppIcon;
				CODE_SIGN_STYLE = Automatic;
				INFOPLIST_FILE = BookManager/Info.plist;
				LD_RUNPATH_SEARCH_PATHS = (
					"$(inherited)",
					"@executable_path/Frameworks",
				);
				PRODUCT_BUNDLE_IDENTIFIER = io.github.92pino.BookManager;
				PRODUCT_NAME = "$(TARGET_NAME)";
				SWIFT_VERSION = 4.2;
				TARGETED_DEVICE_FAMILY = "1,2";
			};
			name = Release;
		};
		619342E821AEB08F00F9850A /* Debug */ = {
			isa = XCBuildConfiguration;
			buildSettings = {
				ALWAYS_EMBED_SWIFT_STANDARD_LIBRARIES = YES;
				BUNDLE_LOADER = "$(TEST_HOST)";
				CODE_SIGN_STYLE = Automatic;
				INFOPLIST_FILE = BookManagerTests/Info.plist;
				LD_RUNPATH_SEARCH_PATHS = (
					"$(inherited)",
					"@executable_path/Frameworks",
					"@loader_path/Frameworks",
				);
				PRODUCT_BUNDLE_IDENTIFIER = io.github.92pino.BookManagerTests;
				PRODUCT_NAME = "$(TARGET_NAME)";
				SWIFT_VERSION = 4.2;
				TARGETED_DEVICE_FAMILY = "1,2";
				TEST_HOST = "$(BUILT_PRODUCTS_DIR)/BookManager.app/BookManager";
			};
			name = Debug;
		};
		619342E921AEB08F00F9850A /* Release */ = {
			isa = XCBuildConfiguration;
			buildSettings = {
				ALWAYS_EMBED_SWIFT_STANDARD_LIBRARIES = YES;
				BUNDLE_LOADER = "$(TEST_HOST)";
				CODE_SIGN_STYLE = Automatic;
				INFOPLIST_FILE = BookManagerTests/Info.plist;
				LD_RUNPATH_SEARCH_PATHS = (
					"$(inherited)",
					"@executable_path/Frameworks",
					"@loader_path/Frameworks",
				);
				PRODUCT_BUNDLE_IDENTIFIER = io.github.92pino.BookManagerTests;
				PRODUCT_NAME = "$(TARGET_NAME)";
				SWIFT_VERSION = 4.2;
				TARGETED_DEVICE_FAMILY = "1,2";
				TEST_HOST = "$(BUILT_PRODUCTS_DIR)/BookManager.app/BookManager";
			};
			name = Release;
		};
		619342EB21AEB08F00F9850A /* Debug */ = {
			isa = XCBuildConfiguration;
			buildSettings = {
				ALWAYS_EMBED_SWIFT_STANDARD_LIBRARIES = YES;
				CODE_SIGN_STYLE = Automatic;
				INFOPLIST_FILE = BookManagerUITests/Info.plist;
				LD_RUNPATH_SEARCH_PATHS = (
					"$(inherited)",
					"@executable_path/Frameworks",
					"@loader_path/Frameworks",
				);
				PRODUCT_BUNDLE_IDENTIFIER = io.github.92pino.BookManagerUITests;
				PRODUCT_NAME = "$(TARGET_NAME)";
				SWIFT_VERSION = 4.2;
				TARGETED_DEVICE_FAMILY = "1,2";
				TEST_TARGET_NAME = BookManager;
			};
			name = Debug;
		};
		619342EC21AEB08F00F9850A /* Release */ = {
			isa = XCBuildConfiguration;
			buildSettings = {
				ALWAYS_EMBED_SWIFT_STANDARD_LIBRARIES = YES;
				CODE_SIGN_STYLE = Automatic;
				INFOPLIST_FILE = BookManagerUITests/Info.plist;
				LD_RUNPATH_SEARCH_PATHS = (
					"$(inherited)",
					"@executable_path/Frameworks",
					"@loader_path/Frameworks",
				);
				PRODUCT_BUNDLE_IDENTIFIER = io.github.92pino.BookManagerUITests;
				PRODUCT_NAME = "$(TARGET_NAME)";
				SWIFT_VERSION = 4.2;
				TARGETED_DEVICE_FAMILY = "1,2";
				TEST_TARGET_NAME = BookManager;
			};
			name = Release;
		};
/* End XCBuildConfiguration section */

/* Begin XCConfigurationList section */
		619342B721AEB08E00F9850A /* Build configuration list for PBXProject "BookManager" */ = {
			isa = XCConfigurationList;
			buildConfigurations = (
				619342E221AEB08F00F9850A /* Debug */,
				619342E321AEB08F00F9850A /* Release */,
			);
			defaultConfigurationIsVisible = 0;
			defaultConfigurationName = Release;
		};
		619342E421AEB08F00F9850A /* Build configuration list for PBXNativeTarget "BookManager" */ = {
			isa = XCConfigurationList;
			buildConfigurations = (
				619342E521AEB08F00F9850A /* Debug */,
				619342E621AEB08F00F9850A /* Release */,
			);
			defaultConfigurationIsVisible = 0;
			defaultConfigurationName = Release;
		};
		619342E721AEB08F00F9850A /* Build configuration list for PBXNativeTarget "BookManagerTests" */ = {
			isa = XCConfigurationList;
			buildConfigurations = (
				619342E821AEB08F00F9850A /* Debug */,
				619342E921AEB08F00F9850A /* Release */,
			);
			defaultConfigurationIsVisible = 0;
			defaultConfigurationName = Release;
		};
		619342EA21AEB08F00F9850A /* Build configuration list for PBXNativeTarget "BookManagerUITests" */ = {
			isa = XCConfigurationList;
			buildConfigurations = (
				619342EB21AEB08F00F9850A /* Debug */,
				619342EC21AEB08F00F9850A /* Release */,
			);
			defaultConfigurationIsVisible = 0;
			defaultConfigurationName = Release;
		};
/* End XCConfigurationList section */
	};
	rootObject = 619342B421AEB08E00F9850A /* Project object */;
}
