// !$*UTF8*$!
{
	archiveVersion = 1;
	classes = {
	};
	objectVersion = 51;
	objects = {

/* Begin PBXBuildFile section */
		0E61A183C0F8D4F86FF62906 /* Pods_itunesAlamofire.framework in Frameworks */ = {isa = PBXBuildFile; fileRef = 100A557FC123FA31C8794874 /* Pods_itunesAlamofire.framework */; };
		612FBA8622AA71970076AD1A /* AppDelegate.swift in Sources */ = {isa = PBXBuildFile; fileRef = 612FBA8522AA71970076AD1A /* AppDelegate.swift */; };
		612FBA8822AA71970076AD1A /* SearchViewController.swift in Sources */ = {isa = PBXBuildFile; fileRef = 612FBA8722AA71970076AD1A /* SearchViewController.swift */; };
		612FBA8B22AA71970076AD1A /* Main.storyboard in Resources */ = {isa = PBXBuildFile; fileRef = 612FBA8922AA71970076AD1A /* Main.storyboard */; };
		612FBA8D22AA71980076AD1A /* Assets.xcassets in Resources */ = {isa = PBXBuildFile; fileRef = 612FBA8C22AA71980076AD1A /* Assets.xcassets */; };
		612FBA9022AA71980076AD1A /* LaunchScreen.storyboard in Resources */ = {isa = PBXBuildFile; fileRef = 612FBA8E22AA71980076AD1A /* LaunchScreen.storyboard */; };
/* End PBXBuildFile section */

/* Begin PBXFileReference section */
		100A557FC123FA31C8794874 /* Pods_itunesAlamofire.framework */ = {isa = PBXFileReference; explicitFileType = wrapper.framework; includeInIndex = 0; path = Pods_itunesAlamofire.framework; sourceTree = BUILT_PRODUCTS_DIR; };
		612FBA8222AA71970076AD1A /* itunesAlamofire.app */ = {isa = PBXFileReference; explicitFileType = wrapper.application; includeInIndex = 0; path = itunesAlamofire.app; sourceTree = BUILT_PRODUCTS_DIR; };
		612FBA8522AA71970076AD1A /* AppDelegate.swift */ = {isa = PBXFileReference; lastKnownFileType = sourcecode.swift; path = AppDelegate.swift; sourceTree = "<group>"; };
		612FBA8722AA71970076AD1A /* SearchViewController.swift */ = {isa = PBXFileReference; lastKnownFileType = sourcecode.swift; path = SearchViewController.swift; sourceTree = "<group>"; };
		612FBA8A22AA71970076AD1A /* Base */ = {isa = PBXFileReference; lastKnownFileType = file.storyboard; name = Base; path = Base.lproj/Main.storyboard; sourceTree = "<group>"; };
		612FBA8C22AA71980076AD1A /* Assets.xcassets */ = {isa = PBXFileReference; lastKnownFileType = folder.assetcatalog; path = Assets.xcassets; sourceTree = "<group>"; };
		612FBA8F22AA71980076AD1A /* Base */ = {isa = PBXFileReference; lastKnownFileType = file.storyboard; name = Base; path = Base.lproj/LaunchScreen.storyboard; sourceTree = "<group>"; };
		612FBA9122AA71980076AD1A /* Info.plist */ = {isa = PBXFileReference; lastKnownFileType = text.plist.xml; path = Info.plist; sourceTree = "<group>"; };
		7C2251B279EC453AF236B305 /* Pods-itunesAlamofire.debug.xcconfig */ = {isa = PBXFileReference; includeInIndex = 1; lastKnownFileType = text.xcconfig; name = "Pods-itunesAlamofire.debug.xcconfig"; path = "Target Support Files/Pods-itunesAlamofire/Pods-itunesAlamofire.debug.xcconfig"; sourceTree = "<group>"; };
		C30223FC8E7CA5E3CC4C14D2 /* Pods-itunesAlamofire.release.xcconfig */ = {isa = PBXFileReference; includeInIndex = 1; lastKnownFileType = text.xcconfig; name = "Pods-itunesAlamofire.release.xcconfig"; path = "Target Support Files/Pods-itunesAlamofire/Pods-itunesAlamofire.release.xcconfig"; sourceTree = "<group>"; };
/* End PBXFileReference section */

/* Begin PBXFrameworksBuildPhase section */
		612FBA7F22AA71970076AD1A /* Frameworks */ = {
			isa = PBXFrameworksBuildPhase;
			buildActionMask = 2147483647;
			files = (
				0E61A183C0F8D4F86FF62906 /* Pods_itunesAlamofire.framework in Frameworks */,
			);
			runOnlyForDeploymentPostprocessing = 0;
		};
/* End PBXFrameworksBuildPhase section */

/* Begin PBXGroup section */
		612FBA7922AA71970076AD1A = {
			isa = PBXGroup;
			children = (
				612FBA8422AA71970076AD1A /* itunesAlamofire */,
				612FBA8322AA71970076AD1A /* Products */,
				D88E27CA49B603415F966D28 /* Pods */,
				9D7A936B18909FC2D40254DB /* Frameworks */,
			);
			sourceTree = "<group>";
		};
		612FBA8322AA71970076AD1A /* Products */ = {
			isa = PBXGroup;
			children = (
				612FBA8222AA71970076AD1A /* itunesAlamofire.app */,
			);
			name = Products;
			sourceTree = "<group>";
		};
		612FBA8422AA71970076AD1A /* itunesAlamofire */ = {
			isa = PBXGroup;
			children = (
				612FBA8522AA71970076AD1A /* AppDelegate.swift */,
				612FBA8722AA71970076AD1A /* SearchViewController.swift */,
				612FBA8922AA71970076AD1A /* Main.storyboard */,
				612FBA8C22AA71980076AD1A /* Assets.xcassets */,
				612FBA8E22AA71980076AD1A /* LaunchScreen.storyboard */,
				612FBA9122AA71980076AD1A /* Info.plist */,
			);
			path = itunesAlamofire;
			sourceTree = "<group>";
		};
		9D7A936B18909FC2D40254DB /* Frameworks */ = {
			isa = PBXGroup;
			children = (
				100A557FC123FA31C8794874 /* Pods_itunesAlamofire.framework */,
			);
			name = Frameworks;
			sourceTree = "<group>";
		};
		D88E27CA49B603415F966D28 /* Pods */ = {
			isa = PBXGroup;
			children = (
				7C2251B279EC453AF236B305 /* Pods-itunesAlamofire.debug.xcconfig */,
				C30223FC8E7CA5E3CC4C14D2 /* Pods-itunesAlamofire.release.xcconfig */,
			);
			path = Pods;
			sourceTree = "<group>";
		};
/* End PBXGroup section */

/* Begin PBXNativeTarget section */
		612FBA8122AA71970076AD1A /* itunesAlamofire */ = {
			isa = PBXNativeTarget;
			buildConfigurationList = 612FBA9422AA71980076AD1A /* Build configuration list for PBXNativeTarget "itunesAlamofire" */;
			buildPhases = (
				AD8547984683F8B55CEE7650 /* [CP] Check Pods Manifest.lock */,
				612FBA7E22AA71970076AD1A /* Sources */,
				612FBA7F22AA71970076AD1A /* Frameworks */,
				612FBA8022AA71970076AD1A /* Resources */,
				55518F94EAE728695C3E677E /* [CP] Embed Pods Frameworks */,
			);
			buildRules = (
			);
			dependencies = (
			);
			name = itunesAlamofire;
			productName = itunesAlamofire;
			productReference = 612FBA8222AA71970076AD1A /* itunesAlamofire.app */;
			productType = "com.apple.product-type.application";
		};
/* End PBXNativeTarget section */

/* Begin PBXProject section */
		612FBA7A22AA71970076AD1A /* Project object */ = {
			isa = PBXProject;
			attributes = {
				LastSwiftUpdateCheck = 1020;
				LastUpgradeCheck = 1020;
				ORGANIZATIONNAME = pino;
				TargetAttributes = {
					612FBA8122AA71970076AD1A = {
						CreatedOnToolsVersion = 10.2.1;
					};
				};
			};
			buildConfigurationList = 612FBA7D22AA71970076AD1A /* Build configuration list for PBXProject "itunesAlamofire" */;
			compatibilityVersion = "Xcode 9.3";
			developmentRegion = en;
			hasScannedForEncodings = 0;
			knownRegions = (
				en,
				Base,
			);
			mainGroup = 612FBA7922AA71970076AD1A;
			productRefGroup = 612FBA8322AA71970076AD1A /* Products */;
			projectDirPath = "";
			projectRoot = "";
			targets = (
				612FBA8122AA71970076AD1A /* itunesAlamofire */,
			);
		};
/* End PBXProject section */

/* Begin PBXResourcesBuildPhase section */
		612FBA8022AA71970076AD1A /* Resources */ = {
			isa = PBXResourcesBuildPhase;
			buildActionMask = 2147483647;
			files = (
				612FBA9022AA71980076AD1A /* LaunchScreen.storyboard in Resources */,
				612FBA8D22AA71980076AD1A /* Assets.xcassets in Resources */,
				612FBA8B22AA71970076AD1A /* Main.storyboard in Resources */,
			);
			runOnlyForDeploymentPostprocessing = 0;
		};
/* End PBXResourcesBuildPhase section */

/* Begin PBXShellScriptBuildPhase section */
		55518F94EAE728695C3E677E /* [CP] Embed Pods Frameworks */ = {
			isa = PBXShellScriptBuildPhase;
			buildActionMask = 2147483647;
			files = (
			);
			inputFileListPaths = (
				"${PODS_ROOT}/Target Support Files/Pods-itunesAlamofire/Pods-itunesAlamofire-frameworks-${CONFIGURATION}-input-files.xcfilelist",
			);
			name = "[CP] Embed Pods Frameworks";
			outputFileListPaths = (
				"${PODS_ROOT}/Target Support Files/Pods-itunesAlamofire/Pods-itunesAlamofire-frameworks-${CONFIGURATION}-output-files.xcfilelist",
			);
			runOnlyForDeploymentPostprocessing = 0;
			shellPath = /bin/sh;
			shellScript = "\"${PODS_ROOT}/Target Support Files/Pods-itunesAlamofire/Pods-itunesAlamofire-frameworks.sh\"\n";
			showEnvVarsInLog = 0;
		};
		AD8547984683F8B55CEE7650 /* [CP] Check Pods Manifest.lock */ = {
			isa = PBXShellScriptBuildPhase;
			buildActionMask = 2147483647;
			files = (
			);
			inputFileListPaths = (
			);
			inputPaths = (
				"${PODS_PODFILE_DIR_PATH}/Podfile.lock",
				"${PODS_ROOT}/Manifest.lock",
			);
			name = "[CP] Check Pods Manifest.lock";
			outputFileListPaths = (
			);
			outputPaths = (
				"$(DERIVED_FILE_DIR)/Pods-itunesAlamofire-checkManifestLockResult.txt",
			);
			runOnlyForDeploymentPostprocessing = 0;
			shellPath = /bin/sh;
			shellScript = "diff \"${PODS_PODFILE_DIR_PATH}/Podfile.lock\" \"${PODS_ROOT}/Manifest.lock\" > /dev/null\nif [ $? != 0 ] ; then\n    # print error to STDERR\n    echo \"error: The sandbox is not in sync with the Podfile.lock. Run 'pod install' or update your CocoaPods installation.\" >&2\n    exit 1\nfi\n# This output is used by Xcode 'outputs' to avoid re-running this script phase.\necho \"SUCCESS\" > \"${SCRIPT_OUTPUT_FILE_0}\"\n";
			showEnvVarsInLog = 0;
		};
/* End PBXShellScriptBuildPhase section */

/* Begin PBXSourcesBuildPhase section */
		612FBA7E22AA71970076AD1A /* Sources */ = {
			isa = PBXSourcesBuildPhase;
			buildActionMask = 2147483647;
			files = (
				612FBA8822AA71970076AD1A /* SearchViewController.swift in Sources */,
				612FBA8622AA71970076AD1A /* AppDelegate.swift in Sources */,
			);
			runOnlyForDeploymentPostprocessing = 0;
		};
/* End PBXSourcesBuildPhase section */

/* Begin PBXVariantGroup section */
		612FBA8922AA71970076AD1A /* Main.storyboard */ = {
			isa = PBXVariantGroup;
			children = (
				612FBA8A22AA71970076AD1A /* Base */,
			);
			name = Main.storyboard;
			sourceTree = "<group>";
		};
		612FBA8E22AA71980076AD1A /* LaunchScreen.storyboard */ = {
			isa = PBXVariantGroup;
			children = (
				612FBA8F22AA71980076AD1A /* Base */,
			);
			name = LaunchScreen.storyboard;
			sourceTree = "<group>";
		};
/* End PBXVariantGroup section */

/* Begin XCBuildConfiguration section */
		612FBA9222AA71980076AD1A /* Debug */ = {
			isa = XCBuildConfiguration;
			buildSettings = {
				ALWAYS_SEARCH_USER_PATHS = NO;
				CLANG_ANALYZER_NONNULL = YES;
				CLANG_ANALYZER_NUMBER_OBJECT_CONVERSION = YES_AGGRESSIVE;
				CLANG_CXX_LANGUAGE_STANDARD = "gnu++14";
				CLANG_CXX_LIBRARY = "libc++";
				CLANG_ENABLE_MODULES = YES;
				CLANG_ENABLE_OBJC_ARC = YES;
				CLANG_ENABLE_OBJC_WEAK = YES;
				CLANG_WARN_BLOCK_CAPTURE_AUTORELEASING = YES;
				CLANG_WARN_BOOL_CONVERSION = YES;
				CLANG_WARN_COMMA = YES;
				CLANG_WARN_CONSTANT_CONVERSION = YES;
				CLANG_WARN_DEPRECATED_OBJC_IMPLEMENTATIONS = YES;
				CLANG_WARN_DIRECT_OBJC_ISA_USAGE = YES_ERROR;
				CLANG_WARN_DOCUMENTATION_COMMENTS = YES;
				CLANG_WARN_EMPTY_BODY = YES;
				CLANG_WARN_ENUM_CONVERSION = YES;
				CLANG_WARN_INFINITE_RECURSION = YES;
				CLANG_WARN_INT_CONVERSION = YES;
				CLANG_WARN_NON_LITERAL_NULL_CONVERSION = YES;
				CLANG_WARN_OBJC_IMPLICIT_RETAIN_SELF = YES;
				CLANG_WARN_OBJC_LITERAL_CONVERSION = YES;
				CLANG_WARN_OBJC_ROOT_CLASS = YES_ERROR;
				CLANG_WARN_RANGE_LOOP_ANALYSIS = YES;
				CLANG_WARN_STRICT_PROTOTYPES = YES;
				CLANG_WARN_SUSPICIOUS_MOVE = YES;
				CLANG_WARN_UNGUARDED_AVAILABILITY = YES_AGGRESSIVE;
				CLANG_WARN_UNREACHABLE_CODE = YES;
				CLANG_WARN__DUPLICATE_METHOD_MATCH = YES;
				CODE_SIGN_IDENTITY = "iPhone Developer";
				COPY_PHASE_STRIP = NO;
				DEBUG_INFORMATION_FORMAT = dwarf;
				ENABLE_STRICT_OBJC_MSGSEND = YES;
				ENABLE_TESTABILITY = YES;
				GCC_C_LANGUAGE_STANDARD = gnu11;
				GCC_DYNAMIC_NO_PIC = NO;
				GCC_NO_COMMON_BLOCKS = YES;
				GCC_OPTIMIZATION_LEVEL = 0;
				GCC_PREPROCESSOR_DEFINITIONS = (
					"DEBUG=1",
					"$(inherited)",
				);
				GCC_WARN_64_TO_32_BIT_CONVERSION = YES;
				GCC_WARN_ABOUT_RETURN_TYPE = YES_ERROR;
				GCC_WARN_UNDECLARED_SELECTOR = YES;
				GCC_WARN_UNINITIALIZED_AUTOS = YES_AGGRESSIVE;
				GCC_WARN_UNUSED_FUNCTION = YES;
				GCC_WARN_UNUSED_VARIABLE = YES;
				IPHONEOS_DEPLOYMENT_TARGET = 12.2;
				MTL_ENABLE_DEBUG_INFO = INCLUDE_SOURCE;
				MTL_FAST_MATH = YES;
				ONLY_ACTIVE_ARCH = YES;
				SDKROOT = iphoneos;
				SWIFT_ACTIVE_COMPILATION_CONDITIONS = DEBUG;
				SWIFT_OPTIMIZATION_LEVEL = "-Onone";
			};
			name = Debug;
		};
		612FBA9322AA71980076AD1A /* Release */ = {
			isa = XCBuildConfiguration;
			buildSettings = {
				ALWAYS_SEARCH_USER_PATHS = NO;
				CLANG_ANALYZER_NONNULL = YES;
				CLANG_ANALYZER_NUMBER_OBJECT_CONVERSION = YES_AGGRESSIVE;
				CLANG_CXX_LANGUAGE_STANDARD = "gnu++14";
				CLANG_CXX_LIBRARY = "libc++";
				CLANG_ENABLE_MODULES = YES;
				CLANG_ENABLE_OBJC_ARC = YES;
				CLANG_ENABLE_OBJC_WEAK = YES;
				CLANG_WARN_BLOCK_CAPTURE_AUTORELEASING = YES;
				CLANG_WARN_BOOL_CONVERSION = YES;
				CLANG_WARN_COMMA = YES;
				CLANG_WARN_CONSTANT_CONVERSION = YES;
				CLANG_WARN_DEPRECATED_OBJC_IMPLEMENTATIONS = YES;
				CLANG_WARN_DIRECT_OBJC_ISA_USAGE = YES_ERROR;
				CLANG_WARN_DOCUMENTATION_COMMENTS = YES;
				CLANG_WARN_EMPTY_BODY = YES;
				CLANG_WARN_ENUM_CONVERSION = YES;
				CLANG_WARN_INFINITE_RECURSION = YES;
				CLANG_WARN_INT_CONVERSION = YES;
				CLANG_WARN_NON_LITERAL_NULL_CONVERSION = YES;
				CLANG_WARN_OBJC_IMPLICIT_RETAIN_SELF = YES;
				CLANG_WARN_OBJC_LITERAL_CONVERSION = YES;
				CLANG_WARN_OBJC_ROOT_CLASS = YES_ERROR;
				CLANG_WARN_RANGE_LOOP_ANALYSIS = YES;
				CLANG_WARN_STRICT_PROTOTYPES = YES;
				CLANG_WARN_SUSPICIOUS_MOVE = YES;
				CLANG_WARN_UNGUARDED_AVAILABILITY = YES_AGGRESSIVE;
				CLANG_WARN_UNREACHABLE_CODE = YES;
				CLANG_WARN__DUPLICATE_METHOD_MATCH = YES;
				CODE_SIGN_IDENTITY = "iPhone Developer";
				COPY_PHASE_STRIP = NO;
				DEBUG_INFORMATION_FORMAT = "dwarf-with-dsym";
				ENABLE_NS_ASSERTIONS = NO;
				ENABLE_STRICT_OBJC_MSGSEND = YES;
				GCC_C_LANGUAGE_STANDARD = gnu11;
				GCC_NO_COMMON_BLOCKS = YES;
				GCC_WARN_64_TO_32_BIT_CONVERSION = YES;
				GCC_WARN_ABOUT_RETURN_TYPE = YES_ERROR;
				GCC_WARN_UNDECLARED_SELECTOR = YES;
				GCC_WARN_UNINITIALIZED_AUTOS = YES_AGGRESSIVE;
				GCC_WARN_UNUSED_FUNCTION = YES;
				GCC_WARN_UNUSED_VARIABLE = YES;
				IPHONEOS_DEPLOYMENT_TARGET = 12.2;
				MTL_ENABLE_DEBUG_INFO = NO;
				MTL_FAST_MATH = YES;
				SDKROOT = iphoneos;
				SWIFT_COMPILATION_MODE = wholemodule;
				SWIFT_OPTIMIZATION_LEVEL = "-O";
				VALIDATE_PRODUCT = YES;
			};
			name = Release;
		};
		612FBA9522AA71980076AD1A /* Debug */ = {
			isa = XCBuildConfiguration;
			baseConfigurationReference = 7C2251B279EC453AF236B305 /* Pods-itunesAlamofire.debug.xcconfig */;
			buildSettings = {
				ASSETCATALOG_COMPILER_APPICON_NAME = AppIcon;
				CODE_SIGN_STYLE = Automatic;
				DEVELOPMENT_TEAM = 7F7W8C3A76;
				INFOPLIST_FILE = itunesAlamofire/Info.plist;
				LD_RUNPATH_SEARCH_PATHS = (
					"$(inherited)",
					"@executable_path/Frameworks",
				);
				PRODUCT_BUNDLE_IDENTIFIER = io.github.92pino.itunesAlamofire;
				PRODUCT_NAME = "$(TARGET_NAME)";
				SWIFT_VERSION = 5.0;
				TARGETED_DEVICE_FAMILY = "1,2";
			};
			name = Debug;
		};
		612FBA9622AA71980076AD1A /* Release */ = {
			isa = XCBuildConfiguration;
			baseConfigurationReference = C30223FC8E7CA5E3CC4C14D2 /* Pods-itunesAlamofire.release.xcconfig */;
			buildSettings = {
				ASSETCATALOG_COMPILER_APPICON_NAME = AppIcon;
				CODE_SIGN_STYLE = Automatic;
				DEVELOPMENT_TEAM = 7F7W8C3A76;
				INFOPLIST_FILE = itunesAlamofire/Info.plist;
				LD_RUNPATH_SEARCH_PATHS = (
					"$(inherited)",
					"@executable_path/Frameworks",
				);
				PRODUCT_BUNDLE_IDENTIFIER = io.github.92pino.itunesAlamofire;
				PRODUCT_NAME = "$(TARGET_NAME)";
				SWIFT_VERSION = 5.0;
				TARGETED_DEVICE_FAMILY = "1,2";
			};
			name = Release;
		};
/* End XCBuildConfiguration section */

/* Begin XCConfigurationList section */
		612FBA7D22AA71970076AD1A /* Build configuration list for PBXProject "itunesAlamofire" */ = {
			isa = XCConfigurationList;
			buildConfigurations = (
				612FBA9222AA71980076AD1A /* Debug */,
				612FBA9322AA71980076AD1A /* Release */,
			);
			defaultConfigurationIsVisible = 0;
			defaultConfigurationName = Release;
		};
		612FBA9422AA71980076AD1A /* Build configuration list for PBXNativeTarget "itunesAlamofire" */ = {
			isa = XCConfigurationList;
			buildConfigurations = (
				612FBA9522AA71980076AD1A /* Debug */,
				612FBA9622AA71980076AD1A /* Release */,
			);
			defaultConfigurationIsVisible = 0;
			defaultConfigurationName = Release;
		};
/* End XCConfigurationList section */
	};
	rootObject = 612FBA7A22AA71970076AD1A /* Project object */;
}
