// !$*UTF8*$!
{
	archiveVersion = 1;
	classes = {
	};
	objectVersion = 50;
	objects = {

/* Begin PBXBuildFile section */
		612FBA6822AA451C0076AD1A /* AppDelegate.swift in Sources */ = {isa = PBXBuildFile; fileRef = 612FBA6722AA451C0076AD1A /* AppDelegate.swift */; };
		612FBA6A22AA451C0076AD1A /* ViewController.swift in Sources */ = {isa = PBXBuildFile; fileRef = 612FBA6922AA451C0076AD1A /* ViewController.swift */; };
		612FBA6D22AA451D0076AD1A /* Main.storyboard in Resources */ = {isa = PBXBuildFile; fileRef = 612FBA6B22AA451C0076AD1A /* Main.storyboard */; };
		612FBA6F22AA451E0076AD1A /* Assets.xcassets in Resources */ = {isa = PBXBuildFile; fileRef = 612FBA6E22AA451E0076AD1A /* Assets.xcassets */; };
		612FBA7222AA451E0076AD1A /* LaunchScreen.storyboard in Resources */ = {isa = PBXBuildFile; fileRef = 612FBA7022AA451E0076AD1A /* LaunchScreen.storyboard */; };
		E0B02130FE487ACEF24D73E5 /* Pods_AlamofireExample.framework in Frameworks */ = {isa = PBXBuildFile; fileRef = EF4CEC21FD14B717EC38C148 /* Pods_AlamofireExample.framework */; };
/* End PBXBuildFile section */

/* Begin PBXFileReference section */
		4C261435CFDA75A64E64FB6F /* Pods-AlamofireExample.debug.xcconfig */ = {isa = PBXFileReference; includeInIndex = 1; lastKnownFileType = text.xcconfig; name = "Pods-AlamofireExample.debug.xcconfig"; path = "Target Support Files/Pods-AlamofireExample/Pods-AlamofireExample.debug.xcconfig"; sourceTree = "<group>"; };
		612FBA6422AA451C0076AD1A /* AlamofireExample.app */ = {isa = PBXFileReference; explicitFileType = wrapper.application; includeInIndex = 0; path = AlamofireExample.app; sourceTree = BUILT_PRODUCTS_DIR; };
		612FBA6722AA451C0076AD1A /* AppDelegate.swift */ = {isa = PBXFileReference; lastKnownFileType = sourcecode.swift; path = AppDelegate.swift; sourceTree = "<group>"; };
		612FBA6922AA451C0076AD1A /* ViewController.swift */ = {isa = PBXFileReference; lastKnownFileType = sourcecode.swift; path = ViewController.swift; sourceTree = "<group>"; };
		612FBA6C22AA451C0076AD1A /* Base */ = {isa = PBXFileReference; lastKnownFileType = file.storyboard; name = Base; path = Base.lproj/Main.storyboard; sourceTree = "<group>"; };
		612FBA6E22AA451E0076AD1A /* Assets.xcassets */ = {isa = PBXFileReference; lastKnownFileType = folder.assetcatalog; path = Assets.xcassets; sourceTree = "<group>"; };
		612FBA7122AA451E0076AD1A /* Base */ = {isa = PBXFileReference; lastKnownFileType = file.storyboard; name = Base; path = Base.lproj/LaunchScreen.storyboard; sourceTree = "<group>"; };
		612FBA7322AA451E0076AD1A /* Info.plist */ = {isa = PBXFileReference; lastKnownFileType = text.plist.xml; path = Info.plist; sourceTree = "<group>"; };
		6FA13915C4E2DA73719D0B88 /* Pods-AlamofireExample.release.xcconfig */ = {isa = PBXFileReference; includeInIndex = 1; lastKnownFileType = text.xcconfig; name = "Pods-AlamofireExample.release.xcconfig"; path = "Target Support Files/Pods-AlamofireExample/Pods-AlamofireExample.release.xcconfig"; sourceTree = "<group>"; };
		EF4CEC21FD14B717EC38C148 /* Pods_AlamofireExample.framework */ = {isa = PBXFileReference; explicitFileType = wrapper.framework; includeInIndex = 0; path = Pods_AlamofireExample.framework; sourceTree = BUILT_PRODUCTS_DIR; };
/* End PBXFileReference section */

/* Begin PBXFrameworksBuildPhase section */
		612FBA6122AA451C0076AD1A /* Frameworks */ = {
			isa = PBXFrameworksBuildPhase;
			buildActionMask = 2147483647;
			files = (
				E0B02130FE487ACEF24D73E5 /* Pods_AlamofireExample.framework in Frameworks */,
			);
			runOnlyForDeploymentPostprocessing = 0;
		};
/* End PBXFrameworksBuildPhase section */

/* Begin PBXGroup section */
		0B0959BC2F85F34378011909 /* Frameworks */ = {
			isa = PBXGroup;
			children = (
				EF4CEC21FD14B717EC38C148 /* Pods_AlamofireExample.framework */,
			);
			name = Frameworks;
			sourceTree = "<group>";
		};
		612FBA5B22AA451C0076AD1A = {
			isa = PBXGroup;
			children = (
				612FBA6622AA451C0076AD1A /* AlamofireExample */,
				612FBA6522AA451C0076AD1A /* Products */,
				6875C24850A976E2F1750534 /* Pods */,
				0B0959BC2F85F34378011909 /* Frameworks */,
			);
			sourceTree = "<group>";
		};
		612FBA6522AA451C0076AD1A /* Products */ = {
			isa = PBXGroup;
			children = (
				612FBA6422AA451C0076AD1A /* AlamofireExample.app */,
			);
			name = Products;
			sourceTree = "<group>";
		};
		612FBA6622AA451C0076AD1A /* AlamofireExample */ = {
			isa = PBXGroup;
			children = (
				612FBA6722AA451C0076AD1A /* AppDelegate.swift */,
				612FBA6922AA451C0076AD1A /* ViewController.swift */,
				612FBA6B22AA451C0076AD1A /* Main.storyboard */,
				612FBA6E22AA451E0076AD1A /* Assets.xcassets */,
				612FBA7022AA451E0076AD1A /* LaunchScreen.storyboard */,
				612FBA7322AA451E0076AD1A /* Info.plist */,
			);
			path = AlamofireExample;
			sourceTree = "<group>";
		};
		6875C24850A976E2F1750534 /* Pods */ = {
			isa = PBXGroup;
			children = (
				4C261435CFDA75A64E64FB6F /* Pods-AlamofireExample.debug.xcconfig */,
				6FA13915C4E2DA73719D0B88 /* Pods-AlamofireExample.release.xcconfig */,
			);
			name = Pods;
			path = Pods;
			sourceTree = "<group>";
		};
/* End PBXGroup section */

/* Begin PBXNativeTarget section */
		612FBA6322AA451C0076AD1A /* AlamofireExample */ = {
			isa = PBXNativeTarget;
			buildConfigurationList = 612FBA7622AA451E0076AD1A /* Build configuration list for PBXNativeTarget "AlamofireExample" */;
			buildPhases = (
				C7BA840A806085B9B70BC9AF /* [CP] Check Pods Manifest.lock */,
				612FBA6022AA451C0076AD1A /* Sources */,
				612FBA6122AA451C0076AD1A /* Frameworks */,
				612FBA6222AA451C0076AD1A /* Resources */,
				B3C1701642C10F512042D873 /* [CP] Embed Pods Frameworks */,
			);
			buildRules = (
			);
			dependencies = (
			);
			name = AlamofireExample;
			productName = AlamofireExample;
			productReference = 612FBA6422AA451C0076AD1A /* AlamofireExample.app */;
			productType = "com.apple.product-type.application";
		};
/* End PBXNativeTarget section */

/* Begin PBXProject section */
		612FBA5C22AA451C0076AD1A /* Project object */ = {
			isa = PBXProject;
			attributes = {
				LastSwiftUpdateCheck = 1020;
				LastUpgradeCheck = 1020;
				ORGANIZATIONNAME = pino;
				TargetAttributes = {
					612FBA6322AA451C0076AD1A = {
						CreatedOnToolsVersion = 10.2.1;
					};
				};
			};
			buildConfigurationList = 612FBA5F22AA451C0076AD1A /* Build configuration list for PBXProject "AlamofireExample" */;
			compatibilityVersion = "Xcode 9.3";
			developmentRegion = en;
			hasScannedForEncodings = 0;
			knownRegions = (
				en,
				Base,
			);
			mainGroup = 612FBA5B22AA451C0076AD1A;
			productRefGroup = 612FBA6522AA451C0076AD1A /* Products */;
			projectDirPath = "";
			projectRoot = "";
			targets = (
				612FBA6322AA451C0076AD1A /* AlamofireExample */,
			);
		};
/* End PBXProject section */

/* Begin PBXResourcesBuildPhase section */
		612FBA6222AA451C0076AD1A /* Resources */ = {
			isa = PBXResourcesBuildPhase;
			buildActionMask = 2147483647;
			files = (
				612FBA7222AA451E0076AD1A /* LaunchScreen.storyboard in Resources */,
				612FBA6F22AA451E0076AD1A /* Assets.xcassets in Resources */,
				612FBA6D22AA451D0076AD1A /* Main.storyboard in Resources */,
			);
			runOnlyForDeploymentPostprocessing = 0;
		};
/* End PBXResourcesBuildPhase section */

/* Begin PBXShellScriptBuildPhase section */
		B3C1701642C10F512042D873 /* [CP] Embed Pods Frameworks */ = {
			isa = PBXShellScriptBuildPhase;
			buildActionMask = 2147483647;
			files = (
			);
			inputFileListPaths = (
				"${PODS_ROOT}/Target Support Files/Pods-AlamofireExample/Pods-AlamofireExample-frameworks-${CONFIGURATION}-input-files.xcfilelist",
			);
			name = "[CP] Embed Pods Frameworks";
			outputFileListPaths = (
				"${PODS_ROOT}/Target Support Files/Pods-AlamofireExample/Pods-AlamofireExample-frameworks-${CONFIGURATION}-output-files.xcfilelist",
			);
			runOnlyForDeploymentPostprocessing = 0;
			shellPath = /bin/sh;
			shellScript = "\"${PODS_ROOT}/Target Support Files/Pods-AlamofireExample/Pods-AlamofireExample-frameworks.sh\"\n";
			showEnvVarsInLog = 0;
		};
		C7BA840A806085B9B70BC9AF /* [CP] Check Pods Manifest.lock */ = {
			isa = PBXShellScriptBuildPhase;
			buildActionMask = 2147483647;
			files = (
			);
			inputFileListPaths = (
			);
			inputPaths = (
				"${PODS_PODFILE_DIR_PATH}/Podfile.lock",
				"${PODS_ROOT}/Manifest.lock",
			);
			name = "[CP] Check Pods Manifest.lock";
			outputFileListPaths = (
			);
			outputPaths = (
				"$(DERIVED_FILE_DIR)/Pods-AlamofireExample-checkManifestLockResult.txt",
			);
			runOnlyForDeploymentPostprocessing = 0;
			shellPath = /bin/sh;
			shellScript = "diff \"${PODS_PODFILE_DIR_PATH}/Podfile.lock\" \"${PODS_ROOT}/Manifest.lock\" > /dev/null\nif [ $? != 0 ] ; then\n    # print error to STDERR\n    echo \"error: The sandbox is not in sync with the Podfile.lock. Run 'pod install' or update your CocoaPods installation.\" >&2\n    exit 1\nfi\n# This output is used by Xcode 'outputs' to avoid re-running this script phase.\necho \"SUCCESS\" > \"${SCRIPT_OUTPUT_FILE_0}\"\n";
			showEnvVarsInLog = 0;
		};
/* End PBXShellScriptBuildPhase section */

/* Begin PBXSourcesBuildPhase section */
		612FBA6022AA451C0076AD1A /* Sources */ = {
			isa = PBXSourcesBuildPhase;
			buildActionMask = 2147483647;
			files = (
				612FBA6A22AA451C0076AD1A /* ViewController.swift in Sources */,
				612FBA6822AA451C0076AD1A /* AppDelegate.swift in Sources */,
			);
			runOnlyForDeploymentPostprocessing = 0;
		};
/* End PBXSourcesBuildPhase section */

/* Begin PBXVariantGroup section */
		612FBA6B22AA451C0076AD1A /* Main.storyboard */ = {
			isa = PBXVariantGroup;
			children = (
				612FBA6C22AA451C0076AD1A /* Base */,
			);
			name = Main.storyboard;
			sourceTree = "<group>";
		};
		612FBA7022AA451E0076AD1A /* LaunchScreen.storyboard */ = {
			isa = PBXVariantGroup;
			children = (
				612FBA7122AA451E0076AD1A /* Base */,
			);
			name = LaunchScreen.storyboard;
			sourceTree = "<group>";
		};
/* End PBXVariantGroup section */

/* Begin XCBuildConfiguration section */
		612FBA7422AA451E0076AD1A /* Debug */ = {
			isa = XCBuildConfiguration;
			buildSettings = {
				ALWAYS_SEARCH_USER_PATHS = NO;
				CLANG_ANALYZER_NONNULL = YES;
				CLANG_ANALYZER_NUMBER_OBJECT_CONVERSION = YES_AGGRESSIVE;
				CLANG_CXX_LANGUAGE_STANDARD = "gnu++14";
				CLANG_CXX_LIBRARY = "libc++";
				CLANG_ENABLE_MODULES = YES;
				CLANG_ENABLE_OBJC_ARC = YES;
				CLANG_ENABLE_OBJC_WEAK = YES;
				CLANG_WARN_BLOCK_CAPTURE_AUTORELEASING = YES;
				CLANG_WARN_BOOL_CONVERSION = YES;
				CLANG_WARN_COMMA = YES;
				CLANG_WARN_CONSTANT_CONVERSION = YES;
				CLANG_WARN_DEPRECATED_OBJC_IMPLEMENTATIONS = YES;
				CLANG_WARN_DIRECT_OBJC_ISA_USAGE = YES_ERROR;
				CLANG_WARN_DOCUMENTATION_COMMENTS = YES;
				CLANG_WARN_EMPTY_BODY = YES;
				CLANG_WARN_ENUM_CONVERSION = YES;
				CLANG_WARN_INFINITE_RECURSION = YES;
				CLANG_WARN_INT_CONVERSION = YES;
				CLANG_WARN_NON_LITERAL_NULL_CONVERSION = YES;
				CLANG_WARN_OBJC_IMPLICIT_RETAIN_SELF = YES;
				CLANG_WARN_OBJC_LITERAL_CONVERSION = YES;
				CLANG_WARN_OBJC_ROOT_CLASS = YES_ERROR;
				CLANG_WARN_RANGE_LOOP_ANALYSIS = YES;
				CLANG_WARN_STRICT_PROTOTYPES = YES;
				CLANG_WARN_SUSPICIOUS_MOVE = YES;
				CLANG_WARN_UNGUARDED_AVAILABILITY = YES_AGGRESSIVE;
				CLANG_WARN_UNREACHABLE_CODE = YES;
				CLANG_WARN__DUPLICATE_METHOD_MATCH = YES;
				CODE_SIGN_IDENTITY = "iPhone Developer";
				COPY_PHASE_STRIP = NO;
				DEBUG_INFORMATION_FORMAT = dwarf;
				ENABLE_STRICT_OBJC_MSGSEND = YES;
				ENABLE_TESTABILITY = YES;
				GCC_C_LANGUAGE_STANDARD = gnu11;
				GCC_DYNAMIC_NO_PIC = NO;
				GCC_NO_COMMON_BLOCKS = YES;
				GCC_OPTIMIZATION_LEVEL = 0;
				GCC_PREPROCESSOR_DEFINITIONS = (
					"DEBUG=1",
					"$(inherited)",
				);
				GCC_WARN_64_TO_32_BIT_CONVERSION = YES;
				GCC_WARN_ABOUT_RETURN_TYPE = YES_ERROR;
				GCC_WARN_UNDECLARED_SELECTOR = YES;
				GCC_WARN_UNINITIALIZED_AUTOS = YES_AGGRESSIVE;
				GCC_WARN_UNUSED_FUNCTION = YES;
				GCC_WARN_UNUSED_VARIABLE = YES;
				IPHONEOS_DEPLOYMENT_TARGET = 12.2;
				MTL_ENABLE_DEBUG_INFO = INCLUDE_SOURCE;
				MTL_FAST_MATH = YES;
				ONLY_ACTIVE_ARCH = YES;
				SDKROOT = iphoneos;
				SWIFT_ACTIVE_COMPILATION_CONDITIONS = DEBUG;
				SWIFT_OPTIMIZATION_LEVEL = "-Onone";
			};
			name = Debug;
		};
		612FBA7522AA451E0076AD1A /* Release */ = {
			isa = XCBuildConfiguration;
			buildSettings = {
				ALWAYS_SEARCH_USER_PATHS = NO;
				CLANG_ANALYZER_NONNULL = YES;
				CLANG_ANALYZER_NUMBER_OBJECT_CONVERSION = YES_AGGRESSIVE;
				CLANG_CXX_LANGUAGE_STANDARD = "gnu++14";
				CLANG_CXX_LIBRARY = "libc++";
				CLANG_ENABLE_MODULES = YES;
				CLANG_ENABLE_OBJC_ARC = YES;
				CLANG_ENABLE_OBJC_WEAK = YES;
				CLANG_WARN_BLOCK_CAPTURE_AUTORELEASING = YES;
				CLANG_WARN_BOOL_CONVERSION = YES;
				CLANG_WARN_COMMA = YES;
				CLANG_WARN_CONSTANT_CONVERSION = YES;
				CLANG_WARN_DEPRECATED_OBJC_IMPLEMENTATIONS = YES;
				CLANG_WARN_DIRECT_OBJC_ISA_USAGE = YES_ERROR;
				CLANG_WARN_DOCUMENTATION_COMMENTS = YES;
				CLANG_WARN_EMPTY_BODY = YES;
				CLANG_WARN_ENUM_CONVERSION = YES;
				CLANG_WARN_INFINITE_RECURSION = YES;
				CLANG_WARN_INT_CONVERSION = YES;
				CLANG_WARN_NON_LITERAL_NULL_CONVERSION = YES;
				CLANG_WARN_OBJC_IMPLICIT_RETAIN_SELF = YES;
				CLANG_WARN_OBJC_LITERAL_CONVERSION = YES;
				CLANG_WARN_OBJC_ROOT_CLASS = YES_ERROR;
				CLANG_WARN_RANGE_LOOP_ANALYSIS = YES;
				CLANG_WARN_STRICT_PROTOTYPES = YES;
				CLANG_WARN_SUSPICIOUS_MOVE = YES;
				CLANG_WARN_UNGUARDED_AVAILABILITY = YES_AGGRESSIVE;
				CLANG_WARN_UNREACHABLE_CODE = YES;
				CLANG_WARN__DUPLICATE_METHOD_MATCH = YES;
				CODE_SIGN_IDENTITY = "iPhone Developer";
				COPY_PHASE_STRIP = NO;
				DEBUG_INFORMATION_FORMAT = "dwarf-with-dsym";
				ENABLE_NS_ASSERTIONS = NO;
				ENABLE_STRICT_OBJC_MSGSEND = YES;
				GCC_C_LANGUAGE_STANDARD = gnu11;
				GCC_NO_COMMON_BLOCKS = YES;
				GCC_WARN_64_TO_32_BIT_CONVERSION = YES;
				GCC_WARN_ABOUT_RETURN_TYPE = YES_ERROR;
				GCC_WARN_UNDECLARED_SELECTOR = YES;
				GCC_WARN_UNINITIALIZED_AUTOS = YES_AGGRESSIVE;
				GCC_WARN_UNUSED_FUNCTION = YES;
				GCC_WARN_UNUSED_VARIABLE = YES;
				IPHONEOS_DEPLOYMENT_TARGET = 12.2;
				MTL_ENABLE_DEBUG_INFO = NO;
				MTL_FAST_MATH = YES;
				SDKROOT = iphoneos;
				SWIFT_COMPILATION_MODE = wholemodule;
				SWIFT_OPTIMIZATION_LEVEL = "-O";
				VALIDATE_PRODUCT = YES;
			};
			name = Release;
		};
		612FBA7722AA451E0076AD1A /* Debug */ = {
			isa = XCBuildConfiguration;
			baseConfigurationReference = 4C261435CFDA75A64E64FB6F /* Pods-AlamofireExample.debug.xcconfig */;
			buildSettings = {
				ASSETCATALOG_COMPILER_APPICON_NAME = AppIcon;
				CODE_SIGN_STYLE = Automatic;
				DEVELOPMENT_TEAM = G4MM77V7NH;
				INFOPLIST_FILE = AlamofireExample/Info.plist;
				LD_RUNPATH_SEARCH_PATHS = (
					"$(inherited)",
					"@executable_path/Frameworks",
				);
				PRODUCT_BUNDLE_IDENTIFIER = io.github.92pino;
				PRODUCT_NAME = "$(TARGET_NAME)";
				SWIFT_VERSION = 5.0;
				TARGETED_DEVICE_FAMILY = "1,2";
			};
			name = Debug;
		};
		612FBA7822AA451E0076AD1A /* Release */ = {
			isa = XCBuildConfiguration;
			baseConfigurationReference = 6FA13915C4E2DA73719D0B88 /* Pods-AlamofireExample.release.xcconfig */;
			buildSettings = {
				ASSETCATALOG_COMPILER_APPICON_NAME = AppIcon;
				CODE_SIGN_STYLE = Automatic;
				DEVELOPMENT_TEAM = G4MM77V7NH;
				INFOPLIST_FILE = AlamofireExample/Info.plist;
				LD_RUNPATH_SEARCH_PATHS = (
					"$(inherited)",
					"@executable_path/Frameworks",
				);
				PRODUCT_BUNDLE_IDENTIFIER = io.github.92pino;
				PRODUCT_NAME = "$(TARGET_NAME)";
				SWIFT_VERSION = 5.0;
				TARGETED_DEVICE_FAMILY = "1,2";
			};
			name = Release;
		};
/* End XCBuildConfiguration section */

/* Begin XCConfigurationList section */
		612FBA5F22AA451C0076AD1A /* Build configuration list for PBXProject "AlamofireExample" */ = {
			isa = XCConfigurationList;
			buildConfigurations = (
				612FBA7422AA451E0076AD1A /* Debug */,
				612FBA7522AA451E0076AD1A /* Release */,
			);
			defaultConfigurationIsVisible = 0;
			defaultConfigurationName = Release;
		};
		612FBA7622AA451E0076AD1A /* Build configuration list for PBXNativeTarget "AlamofireExample" */ = {
			isa = XCConfigurationList;
			buildConfigurations = (
				612FBA7722AA451E0076AD1A /* Debug */,
				612FBA7822AA451E0076AD1A /* Release */,
			);
			defaultConfigurationIsVisible = 0;
			defaultConfigurationName = Release;
		};
/* End XCConfigurationList section */
	};
	rootObject = 612FBA5C22AA451C0076AD1A /* Project object */;
}
